// !$*UTF8*$!
{
	archiveVersion = 1;
	classes = {
	};
	objectVersion = 56;
	objects = {

/* Begin PBXBuildFile section */
		C0113D552C37C15200071BF6 /* ImageRepository.swift in Sources */ = {isa = PBXBuildFile; fileRef = C0113D542C37C15200071BF6 /* ImageRepository.swift */; };
		C0113D572C37C17400071BF6 /* ImageRepositoryImpl.swift in Sources */ = {isa = PBXBuildFile; fileRef = C0113D562C37C17400071BF6 /* ImageRepositoryImpl.swift */; };
		C0113D592C37C19800071BF6 /* HapticRepository.swift in Sources */ = {isa = PBXBuildFile; fileRef = C0113D582C37C19800071BF6 /* HapticRepository.swift */; };
		C0113D5B2C37C1A700071BF6 /* HapticRepositoryImpl.swift in Sources */ = {isa = PBXBuildFile; fileRef = C0113D5A2C37C1A700071BF6 /* HapticRepositoryImpl.swift */; };
		C0113D5E2C37C1D700071BF6 /* PhotoDetailViewModel.swift in Sources */ = {isa = PBXBuildFile; fileRef = C0113D5D2C37C1D700071BF6 /* PhotoDetailViewModel.swift */; };
		C0113D602C37C20300071BF6 /* PhotoDetailWithShareView.swift in Sources */ = {isa = PBXBuildFile; fileRef = C0113D5F2C37C20300071BF6 /* PhotoDetailWithShareView.swift */; };
		C0113D622C37C25400071BF6 /* PhotoDetailView.swift in Sources */ = {isa = PBXBuildFile; fileRef = C0113D612C37C25400071BF6 /* PhotoDetailView.swift */; };
		C0113D672C3A208F00071BF6 /* CompletePhotoEntity.swift in Sources */ = {isa = PBXBuildFile; fileRef = C0113D662C3A208F00071BF6 /* CompletePhotoEntity.swift */; };
		C0113D6A2C3A217600071BF6 /* Alert.swift in Sources */ = {isa = PBXBuildFile; fileRef = C0113D692C3A217600071BF6 /* Alert.swift */; };
		C0113D6C2C3A219300071BF6 /* AlertType.swift in Sources */ = {isa = PBXBuildFile; fileRef = C0113D6B2C3A219300071BF6 /* AlertType.swift */; };
		C0113D6F2C3A21B100071BF6 /* PhotoCompleteViewViewModel.swift in Sources */ = {isa = PBXBuildFile; fileRef = C0113D6E2C3A21B100071BF6 /* PhotoCompleteViewViewModel.swift */; };
		C0113D812C3BEAA400071BF6 /* CustomAlertModifier.swift in Sources */ = {isa = PBXBuildFile; fileRef = C0113D7A2C3BEA9D00071BF6 /* CustomAlertModifier.swift */; };
		C0113D822C3BEAA400071BF6 /* OnFirstAppearModifier.swift in Sources */ = {isa = PBXBuildFile; fileRef = C0113D7B2C3BEAA400071BF6 /* OnFirstAppearModifier.swift */; };
		C0113D832C3BEAA400071BF6 /* LimitLengthModifier.swift in Sources */ = {isa = PBXBuildFile; fileRef = C0113D7C2C3BEAA400071BF6 /* LimitLengthModifier.swift */; };
		C0113D842C3BEAA400071BF6 /* CornerRadiusWithGradientModifier.swift in Sources */ = {isa = PBXBuildFile; fileRef = C0113D7D2C3BEAA400071BF6 /* CornerRadiusWithGradientModifier.swift */; };
		C0113D852C3BEAA400071BF6 /* ShareStyleModifier.swift in Sources */ = {isa = PBXBuildFile; fileRef = C0113D7E2C3BEAA400071BF6 /* ShareStyleModifier.swift */; };
		C0113D862C3BEAA400071BF6 /* AddXmarkModifier.swift in Sources */ = {isa = PBXBuildFile; fileRef = C0113D7F2C3BEAA400071BF6 /* AddXmarkModifier.swift */; };
		C0113D872C3BEAA400071BF6 /* AddDownloadButtonModifier.swift in Sources */ = {isa = PBXBuildFile; fileRef = C0113D802C3BEAA400071BF6 /* AddDownloadButtonModifier.swift */; };
		C0113D892C3BED0400071BF6 /* LinearGradient+Ext.swift in Sources */ = {isa = PBXBuildFile; fileRef = C0113D882C3BED0400071BF6 /* LinearGradient+Ext.swift */; };
		C017C3DE2C1C39CE009924C9 /* AppDelegate.swift in Sources */ = {isa = PBXBuildFile; fileRef = C017C3DD2C1C39CE009924C9 /* AppDelegate.swift */; };
		C017C3E02C1C39CE009924C9 /* SceneDelegate.swift in Sources */ = {isa = PBXBuildFile; fileRef = C017C3DF2C1C39CE009924C9 /* SceneDelegate.swift */; };
		C017C3E72C1C39D0009924C9 /* Assets.xcassets in Resources */ = {isa = PBXBuildFile; fileRef = C017C3E62C1C39D0009924C9 /* Assets.xcassets */; };
		C017C3EA2C1C39D0009924C9 /* Base in Resources */ = {isa = PBXBuildFile; fileRef = C017C3E92C1C39D0009924C9 /* Base */; };
		C017C3F52C1C39D0009924C9 /* Genti_iOSTests.swift in Sources */ = {isa = PBXBuildFile; fileRef = C017C3F42C1C39D0009924C9 /* Genti_iOSTests.swift */; };
		C017C3FF2C1C39D0009924C9 /* Genti_iOSUITests.swift in Sources */ = {isa = PBXBuildFile; fileRef = C017C3FE2C1C39D0009924C9 /* Genti_iOSUITests.swift */; };
		C017C4012C1C39D0009924C9 /* Genti_iOSUITestsLaunchTests.swift in Sources */ = {isa = PBXBuildFile; fileRef = C017C4002C1C39D0009924C9 /* Genti_iOSUITestsLaunchTests.swift */; };
		C017C4172C1C3A35009924C9 /* ProgressLottie.json in Resources */ = {isa = PBXBuildFile; fileRef = C017C40E2C1C3A35009924C9 /* ProgressLottie.json */; };
		C017C4182C1C3A35009924C9 /* Pretendard-Bold.otf in Resources */ = {isa = PBXBuildFile; fileRef = C017C40F2C1C3A35009924C9 /* Pretendard-Bold.otf */; };
		C017C4192C1C3A35009924C9 /* Pretendard-Light.otf in Resources */ = {isa = PBXBuildFile; fileRef = C017C4102C1C3A35009924C9 /* Pretendard-Light.otf */; };
		C017C41A2C1C3A35009924C9 /* Pretendard-Medium.otf in Resources */ = {isa = PBXBuildFile; fileRef = C017C4112C1C3A35009924C9 /* Pretendard-Medium.otf */; };
		C017C41B2C1C3A35009924C9 /* Pretendard-Regular.otf in Resources */ = {isa = PBXBuildFile; fileRef = C017C4122C1C3A35009924C9 /* Pretendard-Regular.otf */; };
		C017C41C2C1C3A35009924C9 /* Pretendard-SemiBold.otf in Resources */ = {isa = PBXBuildFile; fileRef = C017C4132C1C3A35009924C9 /* Pretendard-SemiBold.otf */; };
		C017C41D2C1C3A35009924C9 /* Font+.swift in Sources */ = {isa = PBXBuildFile; fileRef = C017C4152C1C3A35009924C9 /* Font+.swift */; };
		C017C4202C1C3A62009924C9 /* GentiApp.swift in Sources */ = {isa = PBXBuildFile; fileRef = C017C41F2C1C3A62009924C9 /* GentiApp.swift */; };
		C017C47A2C1C3AA3009924C9 /* PhotoCompleteView.swift in Sources */ = {isa = PBXBuildFile; fileRef = C017C4222C1C3AA3009924C9 /* PhotoCompleteView.swift */; };
		C017C47C2C1C3AA3009924C9 /* RatingAlertView.swift in Sources */ = {isa = PBXBuildFile; fileRef = C017C4242C1C3AA3009924C9 /* RatingAlertView.swift */; };
		C017C47D2C1C3AA3009924C9 /* GeneratorHeaderView.swift in Sources */ = {isa = PBXBuildFile; fileRef = C017C4262C1C3AA3009924C9 /* GeneratorHeaderView.swift */; };
		C017C47E2C1C3AA3009924C9 /* GeneratorNavigationButton.swift in Sources */ = {isa = PBXBuildFile; fileRef = C017C4272C1C3AA3009924C9 /* GeneratorNavigationButton.swift */; };
		C017C47F2C1C3AA3009924C9 /* Caution.swift in Sources */ = {isa = PBXBuildFile; fileRef = C017C4292C1C3AA3009924C9 /* Caution.swift */; };
		C017C4812C1C3AA3009924C9 /* PhotoAngle.swift in Sources */ = {isa = PBXBuildFile; fileRef = C017C42B2C1C3AA3009924C9 /* PhotoAngle.swift */; };
		C017C4822C1C3AA3009924C9 /* PhotoFrame.swift in Sources */ = {isa = PBXBuildFile; fileRef = C017C42C2C1C3AA3009924C9 /* PhotoFrame.swift */; };
		C017C4832C1C3AA3009924C9 /* PhotoRatio.swift in Sources */ = {isa = PBXBuildFile; fileRef = C017C42D2C1C3AA3009924C9 /* PhotoRatio.swift */; };
		C017C4852C1C3AA3009924C9 /* FirstGeneratorView.swift in Sources */ = {isa = PBXBuildFile; fileRef = C017C4312C1C3AA3009924C9 /* FirstGeneratorView.swift */; };
		C017C4862C1C3AA3009924C9 /* GenerateRequestCompleteView.swift in Sources */ = {isa = PBXBuildFile; fileRef = C017C4322C1C3AA3009924C9 /* GenerateRequestCompleteView.swift */; };
		C017C4872C1C3AA3009924C9 /* SecondGeneratorView.swift in Sources */ = {isa = PBXBuildFile; fileRef = C017C4332C1C3AA3009924C9 /* SecondGeneratorView.swift */; };
		C017C4882C1C3AA3009924C9 /* ThirdGeneratorView.swift in Sources */ = {isa = PBXBuildFile; fileRef = C017C4342C1C3AA3009924C9 /* ThirdGeneratorView.swift */; };
		C017C48A2C1C3AA3009924C9 /* SettingRow.swift in Sources */ = {isa = PBXBuildFile; fileRef = C017C4372C1C3AA3009924C9 /* SettingRow.swift */; };
		C017C48B2C1C3AA3009924C9 /* StraggeredGrid.swift in Sources */ = {isa = PBXBuildFile; fileRef = C017C4382C1C3AA3009924C9 /* StraggeredGrid.swift */; };
		C017C48C2C1C3AA3009924C9 /* WebView.swift in Sources */ = {isa = PBXBuildFile; fileRef = C017C4392C1C3AA3009924C9 /* WebView.swift */; };
		C017C48D2C1C3AA3009924C9 /* MyImagesEntitiy.swift in Sources */ = {isa = PBXBuildFile; fileRef = C017C43B2C1C3AA3009924C9 /* MyImagesEntitiy.swift */; };
		C017C48E2C1C3AA3009924C9 /* GentiWebView.swift in Sources */ = {isa = PBXBuildFile; fileRef = C017C43D2C1C3AA3009924C9 /* GentiWebView.swift */; };
		C017C4902C1C3AA3009924C9 /* ProfileView.swift in Sources */ = {isa = PBXBuildFile; fileRef = C017C43F2C1C3AA3009924C9 /* ProfileView.swift */; };
		C017C4912C1C3AA3009924C9 /* SettingView.swift in Sources */ = {isa = PBXBuildFile; fileRef = C017C4402C1C3AA3009924C9 /* SettingView.swift */; };
		C017C4922C1C3AA3009924C9 /* ImageAsset.swift in Sources */ = {isa = PBXBuildFile; fileRef = C017C4422C1C3AA3009924C9 /* ImageAsset.swift */; };
		C017C4932C1C3AA3009924C9 /* ImagePickerType.swift in Sources */ = {isa = PBXBuildFile; fileRef = C017C4432C1C3AA3009924C9 /* ImagePickerType.swift */; };
		C017C4942C1C3AA3009924C9 /* AlbumService.swift in Sources */ = {isa = PBXBuildFile; fileRef = C017C4452C1C3AA3009924C9 /* AlbumService.swift */; };
		C017C4952C1C3AA3009924C9 /* ImagePickerViewModel.swift in Sources */ = {isa = PBXBuildFile; fileRef = C017C4472C1C3AA3009924C9 /* ImagePickerViewModel.swift */; };
		C017C4962C1C3AA3009924C9 /* PHAssetImageViewModel.swift in Sources */ = {isa = PBXBuildFile; fileRef = C017C4482C1C3AA3009924C9 /* PHAssetImageViewModel.swift */; };
		C017C4972C1C3AA3009924C9 /* PHAssetImageView.swift in Sources */ = {isa = PBXBuildFile; fileRef = C017C44A2C1C3AA3009924C9 /* PHAssetImageView.swift */; };
		C017C4982C1C3AA3009924C9 /* PopupImagePickerView.swift in Sources */ = {isa = PBXBuildFile; fileRef = C017C44B2C1C3AA3009924C9 /* PopupImagePickerView.swift */; };
		C017C4992C1C3AA3009924C9 /* API.swift in Sources */ = {isa = PBXBuildFile; fileRef = C017C44D2C1C3AA3009924C9 /* API.swift */; };
		C017C49A2C1C3AA3009924C9 /* APIEventLogger.swift in Sources */ = {isa = PBXBuildFile; fileRef = C017C44E2C1C3AA3009924C9 /* APIEventLogger.swift */; };
		C017C49B2C1C3AA3009924C9 /* APIResponse.swift in Sources */ = {isa = PBXBuildFile; fileRef = C017C44F2C1C3AA3009924C9 /* APIResponse.swift */; };
		C017C49C2C1C3AA3009924C9 /* APIService.swift in Sources */ = {isa = PBXBuildFile; fileRef = C017C4502C1C3AA3009924C9 /* APIService.swift */; };
		C017C49D2C1C3AA3009924C9 /* GentiError.swift in Sources */ = {isa = PBXBuildFile; fileRef = C017C4512C1C3AA3009924C9 /* GentiError.swift */; };
		C017C49E2C1C3AA3009924C9 /* GeneratorRequest.swift in Sources */ = {isa = PBXBuildFile; fileRef = C017C4532C1C3AA3009924C9 /* GeneratorRequest.swift */; };
		C017C49F2C1C3AA3009924C9 /* GeneratorRouter.swift in Sources */ = {isa = PBXBuildFile; fileRef = C017C4542C1C3AA3009924C9 /* GeneratorRouter.swift */; };
		C017C4A02C1C3AA3009924C9 /* GetUploadImageUrlDTO.swift in Sources */ = {isa = PBXBuildFile; fileRef = C017C4552C1C3AA3009924C9 /* GetUploadImageUrlDTO.swift */; };
		C017C4A12C1C3AA3009924C9 /* SettingRouter.swift in Sources */ = {isa = PBXBuildFile; fileRef = C017C4572C1C3AA3009924C9 /* SettingRouter.swift */; };
		C017C4A22C1C3AA3009924C9 /* BlurView.swift in Sources */ = {isa = PBXBuildFile; fileRef = C017C45A2C1C3AA3009924C9 /* BlurView.swift */; };
		C017C4A32C1C3AA3009924C9 /* BulletText.swift in Sources */ = {isa = PBXBuildFile; fileRef = C017C45B2C1C3AA3009924C9 /* BulletText.swift */; };
		C017C4A42C1C3AA3009924C9 /* Constants.swift in Sources */ = {isa = PBXBuildFile; fileRef = C017C45C2C1C3AA3009924C9 /* Constants.swift */; };
		C017C4A52C1C3AA3009924C9 /* ImageLoaderView.swift in Sources */ = {isa = PBXBuildFile; fileRef = C017C45D2C1C3AA3009924C9 /* ImageLoaderView.swift */; };
		C017C4A62C1C3AA3009924C9 /* LoadingView.swift in Sources */ = {isa = PBXBuildFile; fileRef = C017C45E2C1C3AA3009924C9 /* LoadingView.swift */; };
		C017C4A92C1C3AA3009924C9 /* SplashView.swift in Sources */ = {isa = PBXBuildFile; fileRef = C017C4622C1C3AA3009924C9 /* SplashView.swift */; };
		C017C4AA2C1C3AA3009924C9 /* FeedComponent.swift in Sources */ = {isa = PBXBuildFile; fileRef = C017C4642C1C3AA3009924C9 /* FeedComponent.swift */; };
		C017C4AB2C1C3AA3009924C9 /* FeedEntity.swift in Sources */ = {isa = PBXBuildFile; fileRef = C017C4662C1C3AA3009924C9 /* FeedEntity.swift */; };
		C017C4AC2C1C3AA3009924C9 /* MainFeedView.swift in Sources */ = {isa = PBXBuildFile; fileRef = C017C4692C1C3AA3009924C9 /* MainFeedView.swift */; };
		C017C4AD2C1C3AA3009924C9 /* CustomTabView.swift in Sources */ = {isa = PBXBuildFile; fileRef = C017C46B2C1C3AA3009924C9 /* CustomTabView.swift */; };
		C017C4AE2C1C3AA3009924C9 /* Tab.swift in Sources */ = {isa = PBXBuildFile; fileRef = C017C46D2C1C3AA3009924C9 /* Tab.swift */; };
		C017C4AF2C1C3AA3009924C9 /* GentiTabView.swift in Sources */ = {isa = PBXBuildFile; fileRef = C017C46F2C1C3AA3009924C9 /* GentiTabView.swift */; };
		C017C4B22C1C3AA3009924C9 /* View+Ext.swift in Sources */ = {isa = PBXBuildFile; fileRef = C017C4742C1C3AA3009924C9 /* View+Ext.swift */; };
		C017C4B32C1C3AA3009924C9 /* LoginView.swift in Sources */ = {isa = PBXBuildFile; fileRef = C017C4762C1C3AA3009924C9 /* LoginView.swift */; };
		C017C4B42C1C3AA3009924C9 /* Preview Assets.xcassets in Resources */ = {isa = PBXBuildFile; fileRef = C017C4782C1C3AA3009924C9 /* Preview Assets.xcassets */; };
		C02843552C314C1E00B84566 /* FeedRouter.swift in Sources */ = {isa = PBXBuildFile; fileRef = C02843542C314C1E00B84566 /* FeedRouter.swift */; };
		C02843572C314E7200B84566 /* ExampleWithPictureFindResponseDTO.swift in Sources */ = {isa = PBXBuildFile; fileRef = C02843562C314E7200B84566 /* ExampleWithPictureFindResponseDTO.swift */; };
		C02843592C326ACC00B84566 /* PageCommonPictureResponseDTO.swift in Sources */ = {isa = PBXBuildFile; fileRef = C02843582C326ACC00B84566 /* PageCommonPictureResponseDTO.swift */; };
		C028435E2C326CAE00B84566 /* UserRouter.swift in Sources */ = {isa = PBXBuildFile; fileRef = C028435D2C326CAE00B84566 /* UserRouter.swift */; };
		C02843682C32BB3300B84566 /* MainFeedUseCase.swift in Sources */ = {isa = PBXBuildFile; fileRef = C02843672C32BB3300B84566 /* MainFeedUseCase.swift */; };
		C028436A2C32BB4600B84566 /* MainFeedUseCaseImpl.swift in Sources */ = {isa = PBXBuildFile; fileRef = C02843692C32BB4600B84566 /* MainFeedUseCaseImpl.swift */; };
		C028436C2C32BB5D00B84566 /* FeedRepository.swift in Sources */ = {isa = PBXBuildFile; fileRef = C028436B2C32BB5D00B84566 /* FeedRepository.swift */; };
		C028436E2C32BB6D00B84566 /* FeedRepositoryImpl.swift in Sources */ = {isa = PBXBuildFile; fileRef = C028436D2C32BB6D00B84566 /* FeedRepositoryImpl.swift */; };
		C02843712C32BB8900B84566 /* MainFeedViewModel.swift in Sources */ = {isa = PBXBuildFile; fileRef = C02843702C32BB8900B84566 /* MainFeedViewModel.swift */; };
		C02843742C32BEF100B84566 /* UserRepository.swift in Sources */ = {isa = PBXBuildFile; fileRef = C02843732C32BEF100B84566 /* UserRepository.swift */; };
		C02843762C32BF0700B84566 /* UserRepositoryImpl.swift in Sources */ = {isa = PBXBuildFile; fileRef = C02843752C32BF0700B84566 /* UserRepositoryImpl.swift */; };
		C02843792C32BF1B00B84566 /* ProfileUseCase.swift in Sources */ = {isa = PBXBuildFile; fileRef = C02843782C32BF1B00B84566 /* ProfileUseCase.swift */; };
		C028437B2C32BF3F00B84566 /* ProfileUseCaseImpl.swift in Sources */ = {isa = PBXBuildFile; fileRef = C028437A2C32BF3F00B84566 /* ProfileUseCaseImpl.swift */; };
		C028437E2C32BF5F00B84566 /* ProfileViewModel.swift in Sources */ = {isa = PBXBuildFile; fileRef = C028437D2C32BF5F00B84566 /* ProfileViewModel.swift */; };
		C088F2C62C25716E00F92320 /* AlbumServiceImpl.swift in Sources */ = {isa = PBXBuildFile; fileRef = C088F2C52C25716E00F92320 /* AlbumServiceImpl.swift */; };
		C088F2CB2C2572DB00F92320 /* AlbumUseCase.swift in Sources */ = {isa = PBXBuildFile; fileRef = C088F2CA2C2572DB00F92320 /* AlbumUseCase.swift */; };
		C088F2CD2C2572EB00F92320 /* AlbumUseCaseImpl.swift in Sources */ = {isa = PBXBuildFile; fileRef = C088F2CC2C2572EB00F92320 /* AlbumUseCaseImpl.swift */; };
		C088F2D02C25732900F92320 /* AlbumRepository.swift in Sources */ = {isa = PBXBuildFile; fileRef = C088F2CF2C25732900F92320 /* AlbumRepository.swift */; };
		C088F2D22C25733C00F92320 /* AlbumRepositoryImpl.swift in Sources */ = {isa = PBXBuildFile; fileRef = C088F2D12C25733C00F92320 /* AlbumRepositoryImpl.swift */; };
		C088F2D42C26564A00F92320 /* PHAssetImageUseCase.swift in Sources */ = {isa = PBXBuildFile; fileRef = C088F2D32C26564A00F92320 /* PHAssetImageUseCase.swift */; };
		C088F2D62C26567500F92320 /* PHAssetImageService.swift in Sources */ = {isa = PBXBuildFile; fileRef = C088F2D52C26567500F92320 /* PHAssetImageService.swift */; };
		C088F2D82C26569700F92320 /* PHAssetImageServiceImpl.swift in Sources */ = {isa = PBXBuildFile; fileRef = C088F2D72C26569700F92320 /* PHAssetImageServiceImpl.swift */; };
		C088F2DA2C2656BA00F92320 /* PHAssetImageUseCaseImpl.swift in Sources */ = {isa = PBXBuildFile; fileRef = C088F2D92C2656BA00F92320 /* PHAssetImageUseCaseImpl.swift */; };
		C088F2DD2C26F0D600F92320 /* ImageGenerateUseCase.swift in Sources */ = {isa = PBXBuildFile; fileRef = C088F2DC2C26F0D600F92320 /* ImageGenerateUseCase.swift */; };
		C088F2E02C26F0EA00F92320 /* ImageGenerateRepository.swift in Sources */ = {isa = PBXBuildFile; fileRef = C088F2DF2C26F0EA00F92320 /* ImageGenerateRepository.swift */; };
		C088F2E22C26F10D00F92320 /* ImageGenerateRepositoryImpl.swift in Sources */ = {isa = PBXBuildFile; fileRef = C088F2E12C26F10D00F92320 /* ImageGenerateRepositoryImpl.swift */; };
		C088F2E42C26F1A200F92320 /* ImageGenerateUseCaseImpl.swift in Sources */ = {isa = PBXBuildFile; fileRef = C088F2E32C26F1A200F92320 /* ImageGenerateUseCaseImpl.swift */; };
		C088F2E72C26F20B00F92320 /* UploadService.swift in Sources */ = {isa = PBXBuildFile; fileRef = C088F2E62C26F20B00F92320 /* UploadService.swift */; };
		C088F2E92C26F21F00F92320 /* UploadServiceImpl.swift in Sources */ = {isa = PBXBuildFile; fileRef = C088F2E82C26F21F00F92320 /* UploadServiceImpl.swift */; };
		C088F2EB2C27AD7200F92320 /* ImageDataTransferService.swift in Sources */ = {isa = PBXBuildFile; fileRef = C088F2EA2C27AD7200F92320 /* ImageDataTransferService.swift */; };
		C088F2ED2C27AD9200F92320 /* ImageDataTransferServiceImpl.swift in Sources */ = {isa = PBXBuildFile; fileRef = C088F2EC2C27AD9200F92320 /* ImageDataTransferServiceImpl.swift */; };
		C088F2EF2C27AE3400F92320 /* ViewModel.swift in Sources */ = {isa = PBXBuildFile; fileRef = C088F2EE2C27AE3400F92320 /* ViewModel.swift */; };
		C088F2F22C28D76500F92320 /* VerticalImageContentView.swift in Sources */ = {isa = PBXBuildFile; fileRef = C088F2F12C28D76500F92320 /* VerticalImageContentView.swift */; };
		C088F2F42C28D77200F92320 /* HorizontalImageContentView.swift in Sources */ = {isa = PBXBuildFile; fileRef = C088F2F32C28D77200F92320 /* HorizontalImageContentView.swift */; };
		C099C34D2C1C3BEE0006EF83 /* Alamofire in Frameworks */ = {isa = PBXBuildFile; productRef = C099C34C2C1C3BEE0006EF83 /* Alamofire */; };
		C099C3502C1C3C6D0006EF83 /* Lottie in Frameworks */ = {isa = PBXBuildFile; productRef = C099C34F2C1C3C6D0006EF83 /* Lottie */; };
		C099C3532C1C3C7D0006EF83 /* SDWebImageSwiftUI in Frameworks */ = {isa = PBXBuildFile; productRef = C099C3522C1C3C7D0006EF83 /* SDWebImageSwiftUI */; };
		C099C3562C1C3C8B0006EF83 /* SwiftfulUI in Frameworks */ = {isa = PBXBuildFile; productRef = C099C3552C1C3C8B0006EF83 /* SwiftfulUI */; };
		C099C3592C1C3D000006EF83 /* FirebaseAnalytics in Frameworks */ = {isa = PBXBuildFile; productRef = C099C3582C1C3D000006EF83 /* FirebaseAnalytics */; };
		C099C35B2C1C3D000006EF83 /* FirebaseMessaging in Frameworks */ = {isa = PBXBuildFile; productRef = C099C35A2C1C3D000006EF83 /* FirebaseMessaging */; };
		C099C35D2C1C3DC00006EF83 /* MainRoute.swift in Sources */ = {isa = PBXBuildFile; fileRef = C099C35C2C1C3DC00006EF83 /* MainRoute.swift */; };
		C099C35F2C1C408B0006EF83 /* GoogleService-Info.plist in Resources */ = {isa = PBXBuildFile; fileRef = C099C35E2C1C408B0006EF83 /* GoogleService-Info.plist */; };
		C0B80E5E2C23C57C0071C3CD /* RequestImageData.swift in Sources */ = {isa = PBXBuildFile; fileRef = C0B80E5D2C23C57C0071C3CD /* RequestImageData.swift */; };
		C0B80E602C23C59B0071C3CD /* FirstGeneratorViewModel.swift in Sources */ = {isa = PBXBuildFile; fileRef = C0B80E5F2C23C59B0071C3CD /* FirstGeneratorViewModel.swift */; };
		C0B80E622C23C5AE0071C3CD /* SecondGeneratorViewModel.swift in Sources */ = {isa = PBXBuildFile; fileRef = C0B80E612C23C5AE0071C3CD /* SecondGeneratorViewModel.swift */; };
		C0B80E652C23C5C60071C3CD /* ThirdGeneratorViewModel.swift in Sources */ = {isa = PBXBuildFile; fileRef = C0B80E642C23C5C60071C3CD /* ThirdGeneratorViewModel.swift */; };
		C0B80E682C23C5F80071C3CD /* GetImageFromImagePicker.swift in Sources */ = {isa = PBXBuildFile; fileRef = C0B80E672C23C5F80071C3CD /* GetImageFromImagePicker.swift */; };
		C0D74A3F2C1E9B3200A45371 /* Genti_Splash.gif in Resources */ = {isa = PBXBuildFile; fileRef = C0D74A3E2C1E9B3200A45371 /* Genti_Splash.gif */; };
		C0D74A422C1EA68700A45371 /* Router.swift in Sources */ = {isa = PBXBuildFile; fileRef = C0D74A412C1EA68700A45371 /* Router.swift */; };
		C0D74A442C1EA6A200A45371 /* RoutingView.swift in Sources */ = {isa = PBXBuildFile; fileRef = C0D74A432C1EA6A200A45371 /* RoutingView.swift */; };
		C0D74A462C1EA6B500A45371 /* Route.swift in Sources */ = {isa = PBXBuildFile; fileRef = C0D74A452C1EA6B500A45371 /* Route.swift */; };
/* End PBXBuildFile section */

/* Begin PBXContainerItemProxy section */
		C017C3F12C1C39D0009924C9 /* PBXContainerItemProxy */ = {
			isa = PBXContainerItemProxy;
			containerPortal = C017C3D22C1C39CE009924C9 /* Project object */;
			proxyType = 1;
			remoteGlobalIDString = C017C3D92C1C39CE009924C9;
			remoteInfo = Genti_iOS;
		};
		C017C3FB2C1C39D0009924C9 /* PBXContainerItemProxy */ = {
			isa = PBXContainerItemProxy;
			containerPortal = C017C3D22C1C39CE009924C9 /* Project object */;
			proxyType = 1;
			remoteGlobalIDString = C017C3D92C1C39CE009924C9;
			remoteInfo = Genti_iOS;
		};
/* End PBXContainerItemProxy section */

/* Begin PBXFileReference section */
		C0113D542C37C15200071BF6 /* ImageRepository.swift */ = {isa = PBXFileReference; lastKnownFileType = sourcecode.swift; path = ImageRepository.swift; sourceTree = "<group>"; };
		C0113D562C37C17400071BF6 /* ImageRepositoryImpl.swift */ = {isa = PBXFileReference; lastKnownFileType = sourcecode.swift; path = ImageRepositoryImpl.swift; sourceTree = "<group>"; };
		C0113D582C37C19800071BF6 /* HapticRepository.swift */ = {isa = PBXFileReference; lastKnownFileType = sourcecode.swift; path = HapticRepository.swift; sourceTree = "<group>"; };
		C0113D5A2C37C1A700071BF6 /* HapticRepositoryImpl.swift */ = {isa = PBXFileReference; lastKnownFileType = sourcecode.swift; path = HapticRepositoryImpl.swift; sourceTree = "<group>"; };
		C0113D5D2C37C1D700071BF6 /* PhotoDetailViewModel.swift */ = {isa = PBXFileReference; lastKnownFileType = sourcecode.swift; path = PhotoDetailViewModel.swift; sourceTree = "<group>"; };
		C0113D5F2C37C20300071BF6 /* PhotoDetailWithShareView.swift */ = {isa = PBXFileReference; lastKnownFileType = sourcecode.swift; path = PhotoDetailWithShareView.swift; sourceTree = "<group>"; };
		C0113D612C37C25400071BF6 /* PhotoDetailView.swift */ = {isa = PBXFileReference; lastKnownFileType = sourcecode.swift; path = PhotoDetailView.swift; sourceTree = "<group>"; };
		C0113D662C3A208F00071BF6 /* CompletePhotoEntity.swift */ = {isa = PBXFileReference; lastKnownFileType = sourcecode.swift; path = CompletePhotoEntity.swift; sourceTree = "<group>"; };
		C0113D692C3A217600071BF6 /* Alert.swift */ = {isa = PBXFileReference; lastKnownFileType = sourcecode.swift; path = Alert.swift; sourceTree = "<group>"; };
		C0113D6B2C3A219300071BF6 /* AlertType.swift */ = {isa = PBXFileReference; lastKnownFileType = sourcecode.swift; path = AlertType.swift; sourceTree = "<group>"; };
		C0113D6E2C3A21B100071BF6 /* PhotoCompleteViewViewModel.swift */ = {isa = PBXFileReference; lastKnownFileType = sourcecode.swift; path = PhotoCompleteViewViewModel.swift; sourceTree = "<group>"; };
		C0113D7A2C3BEA9D00071BF6 /* CustomAlertModifier.swift */ = {isa = PBXFileReference; fileEncoding = 4; lastKnownFileType = sourcecode.swift; path = CustomAlertModifier.swift; sourceTree = "<group>"; };
		C0113D7B2C3BEAA400071BF6 /* OnFirstAppearModifier.swift */ = {isa = PBXFileReference; fileEncoding = 4; lastKnownFileType = sourcecode.swift; path = OnFirstAppearModifier.swift; sourceTree = "<group>"; };
		C0113D7C2C3BEAA400071BF6 /* LimitLengthModifier.swift */ = {isa = PBXFileReference; fileEncoding = 4; lastKnownFileType = sourcecode.swift; path = LimitLengthModifier.swift; sourceTree = "<group>"; };
		C0113D7D2C3BEAA400071BF6 /* CornerRadiusWithGradientModifier.swift */ = {isa = PBXFileReference; fileEncoding = 4; lastKnownFileType = sourcecode.swift; path = CornerRadiusWithGradientModifier.swift; sourceTree = "<group>"; };
		C0113D7E2C3BEAA400071BF6 /* ShareStyleModifier.swift */ = {isa = PBXFileReference; fileEncoding = 4; lastKnownFileType = sourcecode.swift; path = ShareStyleModifier.swift; sourceTree = "<group>"; };
		C0113D7F2C3BEAA400071BF6 /* AddXmarkModifier.swift */ = {isa = PBXFileReference; fileEncoding = 4; lastKnownFileType = sourcecode.swift; path = AddXmarkModifier.swift; sourceTree = "<group>"; };
		C0113D802C3BEAA400071BF6 /* AddDownloadButtonModifier.swift */ = {isa = PBXFileReference; fileEncoding = 4; lastKnownFileType = sourcecode.swift; path = AddDownloadButtonModifier.swift; sourceTree = "<group>"; };
		C0113D882C3BED0400071BF6 /* LinearGradient+Ext.swift */ = {isa = PBXFileReference; lastKnownFileType = sourcecode.swift; path = "LinearGradient+Ext.swift"; sourceTree = "<group>"; };
		C017C3DA2C1C39CE009924C9 /* Genti_iOS.app */ = {isa = PBXFileReference; explicitFileType = wrapper.application; includeInIndex = 0; path = Genti_iOS.app; sourceTree = BUILT_PRODUCTS_DIR; };
		C017C3DD2C1C39CE009924C9 /* AppDelegate.swift */ = {isa = PBXFileReference; lastKnownFileType = sourcecode.swift; path = AppDelegate.swift; sourceTree = "<group>"; };
		C017C3DF2C1C39CE009924C9 /* SceneDelegate.swift */ = {isa = PBXFileReference; lastKnownFileType = sourcecode.swift; path = SceneDelegate.swift; sourceTree = "<group>"; };
		C017C3E62C1C39D0009924C9 /* Assets.xcassets */ = {isa = PBXFileReference; lastKnownFileType = folder.assetcatalog; path = Assets.xcassets; sourceTree = "<group>"; };
		C017C3E92C1C39D0009924C9 /* Base */ = {isa = PBXFileReference; lastKnownFileType = file.storyboard; name = Base; path = Base.lproj/LaunchScreen.storyboard; sourceTree = "<group>"; };
		C017C3EB2C1C39D0009924C9 /* Info.plist */ = {isa = PBXFileReference; lastKnownFileType = text.plist.xml; path = Info.plist; sourceTree = "<group>"; };
		C017C3F02C1C39D0009924C9 /* Genti_iOSTests.xctest */ = {isa = PBXFileReference; explicitFileType = wrapper.cfbundle; includeInIndex = 0; path = Genti_iOSTests.xctest; sourceTree = BUILT_PRODUCTS_DIR; };
		C017C3F42C1C39D0009924C9 /* Genti_iOSTests.swift */ = {isa = PBXFileReference; lastKnownFileType = sourcecode.swift; path = Genti_iOSTests.swift; sourceTree = "<group>"; };
		C017C3FA2C1C39D0009924C9 /* Genti_iOSUITests.xctest */ = {isa = PBXFileReference; explicitFileType = wrapper.cfbundle; includeInIndex = 0; path = Genti_iOSUITests.xctest; sourceTree = BUILT_PRODUCTS_DIR; };
		C017C3FE2C1C39D0009924C9 /* Genti_iOSUITests.swift */ = {isa = PBXFileReference; lastKnownFileType = sourcecode.swift; path = Genti_iOSUITests.swift; sourceTree = "<group>"; };
		C017C4002C1C39D0009924C9 /* Genti_iOSUITestsLaunchTests.swift */ = {isa = PBXFileReference; lastKnownFileType = sourcecode.swift; path = Genti_iOSUITestsLaunchTests.swift; sourceTree = "<group>"; };
		C017C40E2C1C3A35009924C9 /* ProgressLottie.json */ = {isa = PBXFileReference; fileEncoding = 4; lastKnownFileType = text.json; path = ProgressLottie.json; sourceTree = "<group>"; };
		C017C40F2C1C3A35009924C9 /* Pretendard-Bold.otf */ = {isa = PBXFileReference; lastKnownFileType = file; path = "Pretendard-Bold.otf"; sourceTree = "<group>"; };
		C017C4102C1C3A35009924C9 /* Pretendard-Light.otf */ = {isa = PBXFileReference; lastKnownFileType = file; path = "Pretendard-Light.otf"; sourceTree = "<group>"; };
		C017C4112C1C3A35009924C9 /* Pretendard-Medium.otf */ = {isa = PBXFileReference; lastKnownFileType = file; path = "Pretendard-Medium.otf"; sourceTree = "<group>"; };
		C017C4122C1C3A35009924C9 /* Pretendard-Regular.otf */ = {isa = PBXFileReference; lastKnownFileType = file; path = "Pretendard-Regular.otf"; sourceTree = "<group>"; };
		C017C4132C1C3A35009924C9 /* Pretendard-SemiBold.otf */ = {isa = PBXFileReference; lastKnownFileType = file; path = "Pretendard-SemiBold.otf"; sourceTree = "<group>"; };
		C017C4152C1C3A35009924C9 /* Font+.swift */ = {isa = PBXFileReference; fileEncoding = 4; lastKnownFileType = sourcecode.swift; path = "Font+.swift"; sourceTree = "<group>"; };
		C017C41F2C1C3A62009924C9 /* GentiApp.swift */ = {isa = PBXFileReference; fileEncoding = 4; lastKnownFileType = sourcecode.swift; path = GentiApp.swift; sourceTree = "<group>"; };
		C017C4222C1C3AA3009924C9 /* PhotoCompleteView.swift */ = {isa = PBXFileReference; fileEncoding = 4; lastKnownFileType = sourcecode.swift; path = PhotoCompleteView.swift; sourceTree = "<group>"; };
		C017C4242C1C3AA3009924C9 /* RatingAlertView.swift */ = {isa = PBXFileReference; fileEncoding = 4; lastKnownFileType = sourcecode.swift; path = RatingAlertView.swift; sourceTree = "<group>"; };
		C017C4262C1C3AA3009924C9 /* GeneratorHeaderView.swift */ = {isa = PBXFileReference; fileEncoding = 4; lastKnownFileType = sourcecode.swift; path = GeneratorHeaderView.swift; sourceTree = "<group>"; };
		C017C4272C1C3AA3009924C9 /* GeneratorNavigationButton.swift */ = {isa = PBXFileReference; fileEncoding = 4; lastKnownFileType = sourcecode.swift; path = GeneratorNavigationButton.swift; sourceTree = "<group>"; };
		C017C4292C1C3AA3009924C9 /* Caution.swift */ = {isa = PBXFileReference; fileEncoding = 4; lastKnownFileType = sourcecode.swift; path = Caution.swift; sourceTree = "<group>"; };
		C017C42B2C1C3AA3009924C9 /* PhotoAngle.swift */ = {isa = PBXFileReference; fileEncoding = 4; lastKnownFileType = sourcecode.swift; path = PhotoAngle.swift; sourceTree = "<group>"; };
		C017C42C2C1C3AA3009924C9 /* PhotoFrame.swift */ = {isa = PBXFileReference; fileEncoding = 4; lastKnownFileType = sourcecode.swift; path = PhotoFrame.swift; sourceTree = "<group>"; };
		C017C42D2C1C3AA3009924C9 /* PhotoRatio.swift */ = {isa = PBXFileReference; fileEncoding = 4; lastKnownFileType = sourcecode.swift; path = PhotoRatio.swift; sourceTree = "<group>"; };
		C017C4312C1C3AA3009924C9 /* FirstGeneratorView.swift */ = {isa = PBXFileReference; fileEncoding = 4; lastKnownFileType = sourcecode.swift; path = FirstGeneratorView.swift; sourceTree = "<group>"; };
		C017C4322C1C3AA3009924C9 /* GenerateRequestCompleteView.swift */ = {isa = PBXFileReference; fileEncoding = 4; lastKnownFileType = sourcecode.swift; path = GenerateRequestCompleteView.swift; sourceTree = "<group>"; };
		C017C4332C1C3AA3009924C9 /* SecondGeneratorView.swift */ = {isa = PBXFileReference; fileEncoding = 4; lastKnownFileType = sourcecode.swift; path = SecondGeneratorView.swift; sourceTree = "<group>"; };
		C017C4342C1C3AA3009924C9 /* ThirdGeneratorView.swift */ = {isa = PBXFileReference; fileEncoding = 4; lastKnownFileType = sourcecode.swift; path = ThirdGeneratorView.swift; sourceTree = "<group>"; };
		C017C4372C1C3AA3009924C9 /* SettingRow.swift */ = {isa = PBXFileReference; fileEncoding = 4; lastKnownFileType = sourcecode.swift; path = SettingRow.swift; sourceTree = "<group>"; };
		C017C4382C1C3AA3009924C9 /* StraggeredGrid.swift */ = {isa = PBXFileReference; fileEncoding = 4; lastKnownFileType = sourcecode.swift; path = StraggeredGrid.swift; sourceTree = "<group>"; };
		C017C4392C1C3AA3009924C9 /* WebView.swift */ = {isa = PBXFileReference; fileEncoding = 4; lastKnownFileType = sourcecode.swift; path = WebView.swift; sourceTree = "<group>"; };
		C017C43B2C1C3AA3009924C9 /* MyImagesEntitiy.swift */ = {isa = PBXFileReference; fileEncoding = 4; lastKnownFileType = sourcecode.swift; path = MyImagesEntitiy.swift; sourceTree = "<group>"; };
		C017C43D2C1C3AA3009924C9 /* GentiWebView.swift */ = {isa = PBXFileReference; fileEncoding = 4; lastKnownFileType = sourcecode.swift; path = GentiWebView.swift; sourceTree = "<group>"; };
		C017C43F2C1C3AA3009924C9 /* ProfileView.swift */ = {isa = PBXFileReference; fileEncoding = 4; lastKnownFileType = sourcecode.swift; path = ProfileView.swift; sourceTree = "<group>"; };
		C017C4402C1C3AA3009924C9 /* SettingView.swift */ = {isa = PBXFileReference; fileEncoding = 4; lastKnownFileType = sourcecode.swift; path = SettingView.swift; sourceTree = "<group>"; };
		C017C4422C1C3AA3009924C9 /* ImageAsset.swift */ = {isa = PBXFileReference; fileEncoding = 4; lastKnownFileType = sourcecode.swift; path = ImageAsset.swift; sourceTree = "<group>"; };
		C017C4432C1C3AA3009924C9 /* ImagePickerType.swift */ = {isa = PBXFileReference; fileEncoding = 4; lastKnownFileType = sourcecode.swift; path = ImagePickerType.swift; sourceTree = "<group>"; };
		C017C4452C1C3AA3009924C9 /* AlbumService.swift */ = {isa = PBXFileReference; fileEncoding = 4; lastKnownFileType = sourcecode.swift; path = AlbumService.swift; sourceTree = "<group>"; };
		C017C4472C1C3AA3009924C9 /* ImagePickerViewModel.swift */ = {isa = PBXFileReference; fileEncoding = 4; lastKnownFileType = sourcecode.swift; path = ImagePickerViewModel.swift; sourceTree = "<group>"; };
		C017C4482C1C3AA3009924C9 /* PHAssetImageViewModel.swift */ = {isa = PBXFileReference; fileEncoding = 4; lastKnownFileType = sourcecode.swift; path = PHAssetImageViewModel.swift; sourceTree = "<group>"; };
		C017C44A2C1C3AA3009924C9 /* PHAssetImageView.swift */ = {isa = PBXFileReference; fileEncoding = 4; lastKnownFileType = sourcecode.swift; path = PHAssetImageView.swift; sourceTree = "<group>"; };
		C017C44B2C1C3AA3009924C9 /* PopupImagePickerView.swift */ = {isa = PBXFileReference; fileEncoding = 4; lastKnownFileType = sourcecode.swift; path = PopupImagePickerView.swift; sourceTree = "<group>"; };
		C017C44D2C1C3AA3009924C9 /* API.swift */ = {isa = PBXFileReference; fileEncoding = 4; lastKnownFileType = sourcecode.swift; path = API.swift; sourceTree = "<group>"; };
		C017C44E2C1C3AA3009924C9 /* APIEventLogger.swift */ = {isa = PBXFileReference; fileEncoding = 4; lastKnownFileType = sourcecode.swift; path = APIEventLogger.swift; sourceTree = "<group>"; };
		C017C44F2C1C3AA3009924C9 /* APIResponse.swift */ = {isa = PBXFileReference; fileEncoding = 4; lastKnownFileType = sourcecode.swift; path = APIResponse.swift; sourceTree = "<group>"; };
		C017C4502C1C3AA3009924C9 /* APIService.swift */ = {isa = PBXFileReference; fileEncoding = 4; lastKnownFileType = sourcecode.swift; path = APIService.swift; sourceTree = "<group>"; };
		C017C4512C1C3AA3009924C9 /* GentiError.swift */ = {isa = PBXFileReference; fileEncoding = 4; lastKnownFileType = sourcecode.swift; path = GentiError.swift; sourceTree = "<group>"; };
		C017C4532C1C3AA3009924C9 /* GeneratorRequest.swift */ = {isa = PBXFileReference; fileEncoding = 4; lastKnownFileType = sourcecode.swift; path = GeneratorRequest.swift; sourceTree = "<group>"; };
		C017C4542C1C3AA3009924C9 /* GeneratorRouter.swift */ = {isa = PBXFileReference; fileEncoding = 4; lastKnownFileType = sourcecode.swift; path = GeneratorRouter.swift; sourceTree = "<group>"; };
		C017C4552C1C3AA3009924C9 /* GetUploadImageUrlDTO.swift */ = {isa = PBXFileReference; fileEncoding = 4; lastKnownFileType = sourcecode.swift; path = GetUploadImageUrlDTO.swift; sourceTree = "<group>"; };
		C017C4572C1C3AA3009924C9 /* SettingRouter.swift */ = {isa = PBXFileReference; fileEncoding = 4; lastKnownFileType = sourcecode.swift; path = SettingRouter.swift; sourceTree = "<group>"; };
		C017C45A2C1C3AA3009924C9 /* BlurView.swift */ = {isa = PBXFileReference; fileEncoding = 4; lastKnownFileType = sourcecode.swift; path = BlurView.swift; sourceTree = "<group>"; };
		C017C45B2C1C3AA3009924C9 /* BulletText.swift */ = {isa = PBXFileReference; fileEncoding = 4; lastKnownFileType = sourcecode.swift; path = BulletText.swift; sourceTree = "<group>"; };
		C017C45C2C1C3AA3009924C9 /* Constants.swift */ = {isa = PBXFileReference; fileEncoding = 4; lastKnownFileType = sourcecode.swift; path = Constants.swift; sourceTree = "<group>"; };
		C017C45D2C1C3AA3009924C9 /* ImageLoaderView.swift */ = {isa = PBXFileReference; fileEncoding = 4; lastKnownFileType = sourcecode.swift; path = ImageLoaderView.swift; sourceTree = "<group>"; };
		C017C45E2C1C3AA3009924C9 /* LoadingView.swift */ = {isa = PBXFileReference; fileEncoding = 4; lastKnownFileType = sourcecode.swift; path = LoadingView.swift; sourceTree = "<group>"; };
		C017C4622C1C3AA3009924C9 /* SplashView.swift */ = {isa = PBXFileReference; fileEncoding = 4; lastKnownFileType = sourcecode.swift; path = SplashView.swift; sourceTree = "<group>"; };
		C017C4642C1C3AA3009924C9 /* FeedComponent.swift */ = {isa = PBXFileReference; fileEncoding = 4; lastKnownFileType = sourcecode.swift; path = FeedComponent.swift; sourceTree = "<group>"; };
		C017C4662C1C3AA3009924C9 /* FeedEntity.swift */ = {isa = PBXFileReference; fileEncoding = 4; lastKnownFileType = sourcecode.swift; path = FeedEntity.swift; sourceTree = "<group>"; };
		C017C4692C1C3AA3009924C9 /* MainFeedView.swift */ = {isa = PBXFileReference; fileEncoding = 4; lastKnownFileType = sourcecode.swift; path = MainFeedView.swift; sourceTree = "<group>"; };
		C017C46B2C1C3AA3009924C9 /* CustomTabView.swift */ = {isa = PBXFileReference; fileEncoding = 4; lastKnownFileType = sourcecode.swift; path = CustomTabView.swift; sourceTree = "<group>"; };
		C017C46D2C1C3AA3009924C9 /* Tab.swift */ = {isa = PBXFileReference; fileEncoding = 4; lastKnownFileType = sourcecode.swift; path = Tab.swift; sourceTree = "<group>"; };
		C017C46F2C1C3AA3009924C9 /* GentiTabView.swift */ = {isa = PBXFileReference; fileEncoding = 4; lastKnownFileType = sourcecode.swift; path = GentiTabView.swift; sourceTree = "<group>"; };
		C017C4742C1C3AA3009924C9 /* View+Ext.swift */ = {isa = PBXFileReference; fileEncoding = 4; lastKnownFileType = sourcecode.swift; path = "View+Ext.swift"; sourceTree = "<group>"; };
		C017C4762C1C3AA3009924C9 /* LoginView.swift */ = {isa = PBXFileReference; fileEncoding = 4; lastKnownFileType = sourcecode.swift; path = LoginView.swift; sourceTree = "<group>"; };
		C017C4782C1C3AA3009924C9 /* Preview Assets.xcassets */ = {isa = PBXFileReference; lastKnownFileType = folder.assetcatalog; path = "Preview Assets.xcassets"; sourceTree = "<group>"; };
		C02843542C314C1E00B84566 /* FeedRouter.swift */ = {isa = PBXFileReference; lastKnownFileType = sourcecode.swift; path = FeedRouter.swift; sourceTree = "<group>"; };
		C02843562C314E7200B84566 /* ExampleWithPictureFindResponseDTO.swift */ = {isa = PBXFileReference; lastKnownFileType = sourcecode.swift; path = ExampleWithPictureFindResponseDTO.swift; sourceTree = "<group>"; };
		C02843582C326ACC00B84566 /* PageCommonPictureResponseDTO.swift */ = {isa = PBXFileReference; lastKnownFileType = sourcecode.swift; path = PageCommonPictureResponseDTO.swift; sourceTree = "<group>"; };
		C028435D2C326CAE00B84566 /* UserRouter.swift */ = {isa = PBXFileReference; lastKnownFileType = sourcecode.swift; path = UserRouter.swift; sourceTree = "<group>"; };
		C02843672C32BB3300B84566 /* MainFeedUseCase.swift */ = {isa = PBXFileReference; lastKnownFileType = sourcecode.swift; path = MainFeedUseCase.swift; sourceTree = "<group>"; };
		C02843692C32BB4600B84566 /* MainFeedUseCaseImpl.swift */ = {isa = PBXFileReference; lastKnownFileType = sourcecode.swift; path = MainFeedUseCaseImpl.swift; sourceTree = "<group>"; };
		C028436B2C32BB5D00B84566 /* FeedRepository.swift */ = {isa = PBXFileReference; lastKnownFileType = sourcecode.swift; path = FeedRepository.swift; sourceTree = "<group>"; };
		C028436D2C32BB6D00B84566 /* FeedRepositoryImpl.swift */ = {isa = PBXFileReference; lastKnownFileType = sourcecode.swift; path = FeedRepositoryImpl.swift; sourceTree = "<group>"; };
		C02843702C32BB8900B84566 /* MainFeedViewModel.swift */ = {isa = PBXFileReference; lastKnownFileType = sourcecode.swift; path = MainFeedViewModel.swift; sourceTree = "<group>"; };
		C02843732C32BEF100B84566 /* UserRepository.swift */ = {isa = PBXFileReference; lastKnownFileType = sourcecode.swift; path = UserRepository.swift; sourceTree = "<group>"; };
		C02843752C32BF0700B84566 /* UserRepositoryImpl.swift */ = {isa = PBXFileReference; lastKnownFileType = sourcecode.swift; path = UserRepositoryImpl.swift; sourceTree = "<group>"; };
		C02843782C32BF1B00B84566 /* ProfileUseCase.swift */ = {isa = PBXFileReference; lastKnownFileType = sourcecode.swift; path = ProfileUseCase.swift; sourceTree = "<group>"; };
		C028437A2C32BF3F00B84566 /* ProfileUseCaseImpl.swift */ = {isa = PBXFileReference; lastKnownFileType = sourcecode.swift; path = ProfileUseCaseImpl.swift; sourceTree = "<group>"; };
		C028437D2C32BF5F00B84566 /* ProfileViewModel.swift */ = {isa = PBXFileReference; lastKnownFileType = sourcecode.swift; path = ProfileViewModel.swift; sourceTree = "<group>"; };
		C088F2C52C25716E00F92320 /* AlbumServiceImpl.swift */ = {isa = PBXFileReference; lastKnownFileType = sourcecode.swift; path = AlbumServiceImpl.swift; sourceTree = "<group>"; };
		C088F2CA2C2572DB00F92320 /* AlbumUseCase.swift */ = {isa = PBXFileReference; lastKnownFileType = sourcecode.swift; path = AlbumUseCase.swift; sourceTree = "<group>"; };
		C088F2CC2C2572EB00F92320 /* AlbumUseCaseImpl.swift */ = {isa = PBXFileReference; lastKnownFileType = sourcecode.swift; path = AlbumUseCaseImpl.swift; sourceTree = "<group>"; };
		C088F2CF2C25732900F92320 /* AlbumRepository.swift */ = {isa = PBXFileReference; lastKnownFileType = sourcecode.swift; path = AlbumRepository.swift; sourceTree = "<group>"; };
		C088F2D12C25733C00F92320 /* AlbumRepositoryImpl.swift */ = {isa = PBXFileReference; lastKnownFileType = sourcecode.swift; path = AlbumRepositoryImpl.swift; sourceTree = "<group>"; };
		C088F2D32C26564A00F92320 /* PHAssetImageUseCase.swift */ = {isa = PBXFileReference; lastKnownFileType = sourcecode.swift; path = PHAssetImageUseCase.swift; sourceTree = "<group>"; };
		C088F2D52C26567500F92320 /* PHAssetImageService.swift */ = {isa = PBXFileReference; lastKnownFileType = sourcecode.swift; path = PHAssetImageService.swift; sourceTree = "<group>"; };
		C088F2D72C26569700F92320 /* PHAssetImageServiceImpl.swift */ = {isa = PBXFileReference; lastKnownFileType = sourcecode.swift; path = PHAssetImageServiceImpl.swift; sourceTree = "<group>"; };
		C088F2D92C2656BA00F92320 /* PHAssetImageUseCaseImpl.swift */ = {isa = PBXFileReference; lastKnownFileType = sourcecode.swift; path = PHAssetImageUseCaseImpl.swift; sourceTree = "<group>"; };
		C088F2DC2C26F0D600F92320 /* ImageGenerateUseCase.swift */ = {isa = PBXFileReference; lastKnownFileType = sourcecode.swift; path = ImageGenerateUseCase.swift; sourceTree = "<group>"; };
		C088F2DF2C26F0EA00F92320 /* ImageGenerateRepository.swift */ = {isa = PBXFileReference; lastKnownFileType = sourcecode.swift; path = ImageGenerateRepository.swift; sourceTree = "<group>"; };
		C088F2E12C26F10D00F92320 /* ImageGenerateRepositoryImpl.swift */ = {isa = PBXFileReference; lastKnownFileType = sourcecode.swift; path = ImageGenerateRepositoryImpl.swift; sourceTree = "<group>"; };
		C088F2E32C26F1A200F92320 /* ImageGenerateUseCaseImpl.swift */ = {isa = PBXFileReference; lastKnownFileType = sourcecode.swift; path = ImageGenerateUseCaseImpl.swift; sourceTree = "<group>"; };
		C088F2E62C26F20B00F92320 /* UploadService.swift */ = {isa = PBXFileReference; lastKnownFileType = sourcecode.swift; path = UploadService.swift; sourceTree = "<group>"; };
		C088F2E82C26F21F00F92320 /* UploadServiceImpl.swift */ = {isa = PBXFileReference; lastKnownFileType = sourcecode.swift; path = UploadServiceImpl.swift; sourceTree = "<group>"; };
		C088F2EA2C27AD7200F92320 /* ImageDataTransferService.swift */ = {isa = PBXFileReference; lastKnownFileType = sourcecode.swift; path = ImageDataTransferService.swift; sourceTree = "<group>"; };
		C088F2EC2C27AD9200F92320 /* ImageDataTransferServiceImpl.swift */ = {isa = PBXFileReference; lastKnownFileType = sourcecode.swift; path = ImageDataTransferServiceImpl.swift; sourceTree = "<group>"; };
		C088F2EE2C27AE3400F92320 /* ViewModel.swift */ = {isa = PBXFileReference; lastKnownFileType = sourcecode.swift; path = ViewModel.swift; sourceTree = "<group>"; };
		C088F2F12C28D76500F92320 /* VerticalImageContentView.swift */ = {isa = PBXFileReference; lastKnownFileType = sourcecode.swift; path = VerticalImageContentView.swift; sourceTree = "<group>"; };
		C088F2F32C28D77200F92320 /* HorizontalImageContentView.swift */ = {isa = PBXFileReference; lastKnownFileType = sourcecode.swift; path = HorizontalImageContentView.swift; sourceTree = "<group>"; };
		C099C35C2C1C3DC00006EF83 /* MainRoute.swift */ = {isa = PBXFileReference; lastKnownFileType = sourcecode.swift; path = MainRoute.swift; sourceTree = "<group>"; };
		C099C35E2C1C408B0006EF83 /* GoogleService-Info.plist */ = {isa = PBXFileReference; fileEncoding = 4; lastKnownFileType = text.plist.xml; path = "GoogleService-Info.plist"; sourceTree = "<group>"; };
		C099C3602C1C44C30006EF83 /* Genti_iOS.entitlements */ = {isa = PBXFileReference; lastKnownFileType = text.plist.entitlements; path = Genti_iOS.entitlements; sourceTree = "<group>"; };
		C0B80E5D2C23C57C0071C3CD /* RequestImageData.swift */ = {isa = PBXFileReference; lastKnownFileType = sourcecode.swift; path = RequestImageData.swift; sourceTree = "<group>"; };
		C0B80E5F2C23C59B0071C3CD /* FirstGeneratorViewModel.swift */ = {isa = PBXFileReference; lastKnownFileType = sourcecode.swift; path = FirstGeneratorViewModel.swift; sourceTree = "<group>"; };
		C0B80E612C23C5AE0071C3CD /* SecondGeneratorViewModel.swift */ = {isa = PBXFileReference; lastKnownFileType = sourcecode.swift; path = SecondGeneratorViewModel.swift; sourceTree = "<group>"; };
		C0B80E642C23C5C60071C3CD /* ThirdGeneratorViewModel.swift */ = {isa = PBXFileReference; lastKnownFileType = sourcecode.swift; path = ThirdGeneratorViewModel.swift; sourceTree = "<group>"; };
		C0B80E672C23C5F80071C3CD /* GetImageFromImagePicker.swift */ = {isa = PBXFileReference; lastKnownFileType = sourcecode.swift; path = GetImageFromImagePicker.swift; sourceTree = "<group>"; };
		C0D74A3E2C1E9B3200A45371 /* Genti_Splash.gif */ = {isa = PBXFileReference; lastKnownFileType = image.gif; path = Genti_Splash.gif; sourceTree = "<group>"; };
		C0D74A412C1EA68700A45371 /* Router.swift */ = {isa = PBXFileReference; lastKnownFileType = sourcecode.swift; path = Router.swift; sourceTree = "<group>"; };
		C0D74A432C1EA6A200A45371 /* RoutingView.swift */ = {isa = PBXFileReference; lastKnownFileType = sourcecode.swift; path = RoutingView.swift; sourceTree = "<group>"; };
		C0D74A452C1EA6B500A45371 /* Route.swift */ = {isa = PBXFileReference; lastKnownFileType = sourcecode.swift; path = Route.swift; sourceTree = "<group>"; };
/* End PBXFileReference section */

/* Begin PBXFrameworksBuildPhase section */
		C017C3D72C1C39CE009924C9 /* Frameworks */ = {
			isa = PBXFrameworksBuildPhase;
			buildActionMask = 2147483647;
			files = (
				C099C35B2C1C3D000006EF83 /* FirebaseMessaging in Frameworks */,
				C099C3562C1C3C8B0006EF83 /* SwiftfulUI in Frameworks */,
				C099C3532C1C3C7D0006EF83 /* SDWebImageSwiftUI in Frameworks */,
				C099C34D2C1C3BEE0006EF83 /* Alamofire in Frameworks */,
				C099C3592C1C3D000006EF83 /* FirebaseAnalytics in Frameworks */,
				C099C3502C1C3C6D0006EF83 /* Lottie in Frameworks */,
			);
			runOnlyForDeploymentPostprocessing = 0;
		};
		C017C3ED2C1C39D0009924C9 /* Frameworks */ = {
			isa = PBXFrameworksBuildPhase;
			buildActionMask = 2147483647;
			files = (
			);
			runOnlyForDeploymentPostprocessing = 0;
		};
		C017C3F72C1C39D0009924C9 /* Frameworks */ = {
			isa = PBXFrameworksBuildPhase;
			buildActionMask = 2147483647;
			files = (
			);
			runOnlyForDeploymentPostprocessing = 0;
		};
/* End PBXFrameworksBuildPhase section */

/* Begin PBXGroup section */
		C0113D522C37C13600071BF6 /* PhotoDetail */ = {
			isa = PBXGroup;
			children = (
				C0113D5C2C37C1CA00071BF6 /* ViewModel */,
				C0113D532C37C14100071BF6 /* Repository */,
				C0113D5F2C37C20300071BF6 /* PhotoDetailWithShareView.swift */,
				C0113D612C37C25400071BF6 /* PhotoDetailView.swift */,
			);
			path = PhotoDetail;
			sourceTree = "<group>";
		};
		C0113D532C37C14100071BF6 /* Repository */ = {
			isa = PBXGroup;
			children = (
				C0113D542C37C15200071BF6 /* ImageRepository.swift */,
				C0113D562C37C17400071BF6 /* ImageRepositoryImpl.swift */,
				C0113D582C37C19800071BF6 /* HapticRepository.swift */,
				C0113D5A2C37C1A700071BF6 /* HapticRepositoryImpl.swift */,
			);
			path = Repository;
			sourceTree = "<group>";
		};
		C0113D5C2C37C1CA00071BF6 /* ViewModel */ = {
			isa = PBXGroup;
			children = (
				C0113D5D2C37C1D700071BF6 /* PhotoDetailViewModel.swift */,
			);
			path = ViewModel;
			sourceTree = "<group>";
		};
		C0113D632C3A207E00071BF6 /* Model */ = {
			isa = PBXGroup;
			children = (
				C0113D662C3A208F00071BF6 /* CompletePhotoEntity.swift */,
			);
			path = Model;
			sourceTree = "<group>";
		};
		C0113D682C3A215300071BF6 /* Alert */ = {
			isa = PBXGroup;
			children = (
				C0113D692C3A217600071BF6 /* Alert.swift */,
				C0113D6B2C3A219300071BF6 /* AlertType.swift */,
			);
			path = Alert;
			sourceTree = "<group>";
		};
		C0113D6D2C3A21A700071BF6 /* ViewModel */ = {
			isa = PBXGroup;
			children = (
				C0113D6E2C3A21B100071BF6 /* PhotoCompleteViewViewModel.swift */,
			);
			path = ViewModel;
			sourceTree = "<group>";
		};
		C017C3D12C1C39CE009924C9 = {
			isa = PBXGroup;
			children = (
				C017C3DC2C1C39CE009924C9 /* Genti_iOS */,
				C017C3F32C1C39D0009924C9 /* Genti_iOSTests */,
				C017C3FD2C1C39D0009924C9 /* Genti_iOSUITests */,
				C017C3DB2C1C39CE009924C9 /* Products */,
			);
			sourceTree = "<group>";
		};
		C017C3DB2C1C39CE009924C9 /* Products */ = {
			isa = PBXGroup;
			children = (
				C017C3DA2C1C39CE009924C9 /* Genti_iOS.app */,
				C017C3F02C1C39D0009924C9 /* Genti_iOSTests.xctest */,
				C017C3FA2C1C39D0009924C9 /* Genti_iOSUITests.xctest */,
			);
			name = Products;
			sourceTree = "<group>";
		};
		C017C3DC2C1C39CE009924C9 /* Genti_iOS */ = {
			isa = PBXGroup;
			children = (
				C0113D522C37C13600071BF6 /* PhotoDetail */,
				C0D74A402C1EA66B00A45371 /* Router */,
				C099C3602C1C44C30006EF83 /* Genti_iOS.entitlements */,
				C017C4252C1C3AA3009924C9 /* Complete */,
				C017C4752C1C3AA3009924C9 /* Extentions */,
				C017C4352C1C3AA3009924C9 /* Generator */,
				C017C46A2C1C3AA3009924C9 /* Home */,
				C017C44C2C1C3AA3009924C9 /* ImagePicker */,
				C017C4772C1C3AA3009924C9 /* Login */,
				C017C4592C1C3AA3009924C9 /* Network */,
				C017C4792C1C3AA3009924C9 /* Preview Content */,
				C017C4412C1C3AA3009924C9 /* Profile */,
				C017C4612C1C3AA3009924C9 /* Shared */,
				C017C4632C1C3AA3009924C9 /* SplashView */,
				C017C4702C1C3AA3009924C9 /* Tab */,
				C017C4212C1C3A86009924C9 /* App */,
				C017C41E2C1C3A3A009924C9 /* DesignSystem */,
				C017C3EB2C1C39D0009924C9 /* Info.plist */,
				C099C35E2C1C408B0006EF83 /* GoogleService-Info.plist */,
			);
			path = Genti_iOS;
			sourceTree = "<group>";
		};
		C017C3F32C1C39D0009924C9 /* Genti_iOSTests */ = {
			isa = PBXGroup;
			children = (
				C017C3F42C1C39D0009924C9 /* Genti_iOSTests.swift */,
			);
			path = Genti_iOSTests;
			sourceTree = "<group>";
		};
		C017C3FD2C1C39D0009924C9 /* Genti_iOSUITests */ = {
			isa = PBXGroup;
			children = (
				C017C3FE2C1C39D0009924C9 /* Genti_iOSUITests.swift */,
				C017C4002C1C39D0009924C9 /* Genti_iOSUITestsLaunchTests.swift */,
			);
			path = Genti_iOSUITests;
			sourceTree = "<group>";
		};
		C017C4142C1C3A35009924C9 /* Fonts */ = {
			isa = PBXGroup;
			children = (
				C017C40F2C1C3A35009924C9 /* Pretendard-Bold.otf */,
				C017C4102C1C3A35009924C9 /* Pretendard-Light.otf */,
				C017C4112C1C3A35009924C9 /* Pretendard-Medium.otf */,
				C017C4122C1C3A35009924C9 /* Pretendard-Regular.otf */,
				C017C4132C1C3A35009924C9 /* Pretendard-SemiBold.otf */,
			);
			path = Fonts;
			sourceTree = "<group>";
		};
		C017C41E2C1C3A3A009924C9 /* DesignSystem */ = {
			isa = PBXGroup;
			children = (
				C0D74A3E2C1E9B3200A45371 /* Genti_Splash.gif */,
				C017C3E62C1C39D0009924C9 /* Assets.xcassets */,
				C017C4152C1C3A35009924C9 /* Font+.swift */,
				C017C4142C1C3A35009924C9 /* Fonts */,
				C017C40E2C1C3A35009924C9 /* ProgressLottie.json */,
				C017C3E82C1C39D0009924C9 /* LaunchScreen.storyboard */,
			);
			path = DesignSystem;
			sourceTree = "<group>";
		};
		C017C4212C1C3A86009924C9 /* App */ = {
			isa = PBXGroup;
			children = (
				C017C3DD2C1C39CE009924C9 /* AppDelegate.swift */,
				C017C3DF2C1C39CE009924C9 /* SceneDelegate.swift */,
				C017C41F2C1C3A62009924C9 /* GentiApp.swift */,
				C099C35C2C1C3DC00006EF83 /* MainRoute.swift */,
			);
			path = App;
			sourceTree = "<group>";
		};
		C017C4252C1C3AA3009924C9 /* Complete */ = {
			isa = PBXGroup;
			children = (
				C0113D6D2C3A21A700071BF6 /* ViewModel */,
				C0113D632C3A207E00071BF6 /* Model */,
				C088F2F02C28D74300F92320 /* Component */,
				C017C4222C1C3AA3009924C9 /* PhotoCompleteView.swift */,
				C017C4242C1C3AA3009924C9 /* RatingAlertView.swift */,
			);
			path = Complete;
			sourceTree = "<group>";
		};
		C017C4282C1C3AA3009924C9 /* Components */ = {
			isa = PBXGroup;
			children = (
				C017C4262C1C3AA3009924C9 /* GeneratorHeaderView.swift */,
				C017C4272C1C3AA3009924C9 /* GeneratorNavigationButton.swift */,
			);
			path = Components;
			sourceTree = "<group>";
		};
		C017C42E2C1C3AA3009924C9 /* Models */ = {
			isa = PBXGroup;
			children = (
				C017C4292C1C3AA3009924C9 /* Caution.swift */,
				C017C42B2C1C3AA3009924C9 /* PhotoAngle.swift */,
				C017C42C2C1C3AA3009924C9 /* PhotoFrame.swift */,
				C017C42D2C1C3AA3009924C9 /* PhotoRatio.swift */,
				C0B80E5D2C23C57C0071C3CD /* RequestImageData.swift */,
			);
			path = Models;
			sourceTree = "<group>";
		};
		C017C4302C1C3AA3009924C9 /* ViewModels */ = {
			isa = PBXGroup;
			children = (
				C0B80E5F2C23C59B0071C3CD /* FirstGeneratorViewModel.swift */,
				C0B80E612C23C5AE0071C3CD /* SecondGeneratorViewModel.swift */,
				C0B80E642C23C5C60071C3CD /* ThirdGeneratorViewModel.swift */,
			);
			path = ViewModels;
			sourceTree = "<group>";
		};
		C017C4352C1C3AA3009924C9 /* Generator */ = {
			isa = PBXGroup;
			children = (
				C088F2E52C26F20200F92320 /* Service */,
				C088F2DE2C26F0E000F92320 /* Repository */,
				C088F2DB2C26F0C200F92320 /* UseCase */,
				C0B80E662C23C5E80071C3CD /* Inferface */,
				C017C4282C1C3AA3009924C9 /* Components */,
				C017C42E2C1C3AA3009924C9 /* Models */,
				C017C4302C1C3AA3009924C9 /* ViewModels */,
				C017C4312C1C3AA3009924C9 /* FirstGeneratorView.swift */,
				C017C4322C1C3AA3009924C9 /* GenerateRequestCompleteView.swift */,
				C017C4332C1C3AA3009924C9 /* SecondGeneratorView.swift */,
				C017C4342C1C3AA3009924C9 /* ThirdGeneratorView.swift */,
			);
			path = Generator;
			sourceTree = "<group>";
		};
		C017C43A2C1C3AA3009924C9 /* Components */ = {
			isa = PBXGroup;
			children = (
				C017C4372C1C3AA3009924C9 /* SettingRow.swift */,
				C017C4382C1C3AA3009924C9 /* StraggeredGrid.swift */,
				C017C4392C1C3AA3009924C9 /* WebView.swift */,
			);
			path = Components;
			sourceTree = "<group>";
		};
		C017C43C2C1C3AA3009924C9 /* Models */ = {
			isa = PBXGroup;
			children = (
				C017C43B2C1C3AA3009924C9 /* MyImagesEntitiy.swift */,
				C02843582C326ACC00B84566 /* PageCommonPictureResponseDTO.swift */,
			);
			path = Models;
			sourceTree = "<group>";
		};
		C017C4412C1C3AA3009924C9 /* Profile */ = {
			isa = PBXGroup;
			children = (
				C028437C2C32BF4C00B84566 /* ViewModel */,
				C02843772C32BF1400B84566 /* UseCase */,
				C02843722C32BEE900B84566 /* Repository */,
				C017C43A2C1C3AA3009924C9 /* Components */,
				C017C43C2C1C3AA3009924C9 /* Models */,
				C017C43D2C1C3AA3009924C9 /* GentiWebView.swift */,
				C017C43F2C1C3AA3009924C9 /* ProfileView.swift */,
				C017C4402C1C3AA3009924C9 /* SettingView.swift */,
			);
			path = Profile;
			sourceTree = "<group>";
		};
		C017C4442C1C3AA3009924C9 /* Model */ = {
			isa = PBXGroup;
			children = (
				C017C4422C1C3AA3009924C9 /* ImageAsset.swift */,
				C017C4432C1C3AA3009924C9 /* ImagePickerType.swift */,
			);
			path = Model;
			sourceTree = "<group>";
		};
		C017C4462C1C3AA3009924C9 /* Service */ = {
			isa = PBXGroup;
			children = (
				C017C4452C1C3AA3009924C9 /* AlbumService.swift */,
				C088F2C52C25716E00F92320 /* AlbumServiceImpl.swift */,
				C088F2D52C26567500F92320 /* PHAssetImageService.swift */,
				C088F2D72C26569700F92320 /* PHAssetImageServiceImpl.swift */,
			);
			path = Service;
			sourceTree = "<group>";
		};
		C017C4492C1C3AA3009924C9 /* ViewModels */ = {
			isa = PBXGroup;
			children = (
				C017C4472C1C3AA3009924C9 /* ImagePickerViewModel.swift */,
				C017C4482C1C3AA3009924C9 /* PHAssetImageViewModel.swift */,
			);
			path = ViewModels;
			sourceTree = "<group>";
		};
		C017C44C2C1C3AA3009924C9 /* ImagePicker */ = {
			isa = PBXGroup;
			children = (
				C088F2CE2C25730900F92320 /* Repository */,
				C088F2C92C25727F00F92320 /* UseCase */,
				C017C4442C1C3AA3009924C9 /* Model */,
				C017C4462C1C3AA3009924C9 /* Service */,
				C017C4492C1C3AA3009924C9 /* ViewModels */,
				C017C44A2C1C3AA3009924C9 /* PHAssetImageView.swift */,
				C017C44B2C1C3AA3009924C9 /* PopupImagePickerView.swift */,
			);
			path = ImagePicker;
			sourceTree = "<group>";
		};
		C017C4522C1C3AA3009924C9 /* Base */ = {
			isa = PBXGroup;
			children = (
				C017C44D2C1C3AA3009924C9 /* API.swift */,
				C017C44E2C1C3AA3009924C9 /* APIEventLogger.swift */,
				C017C44F2C1C3AA3009924C9 /* APIResponse.swift */,
				C017C4502C1C3AA3009924C9 /* APIService.swift */,
				C017C4512C1C3AA3009924C9 /* GentiError.swift */,
			);
			path = Base;
			sourceTree = "<group>";
		};
		C017C4562C1C3AA3009924C9 /* Generator */ = {
			isa = PBXGroup;
			children = (
				C017C4532C1C3AA3009924C9 /* GeneratorRequest.swift */,
				C017C4542C1C3AA3009924C9 /* GeneratorRouter.swift */,
				C017C4552C1C3AA3009924C9 /* GetUploadImageUrlDTO.swift */,
			);
			path = Generator;
			sourceTree = "<group>";
		};
		C017C4582C1C3AA3009924C9 /* Setting */ = {
			isa = PBXGroup;
			children = (
				C017C4572C1C3AA3009924C9 /* SettingRouter.swift */,
			);
			path = Setting;
			sourceTree = "<group>";
		};
		C017C4592C1C3AA3009924C9 /* Network */ = {
			isa = PBXGroup;
			children = (
				C028435C2C326CA500B84566 /* User */,
				C02843532C314C0100B84566 /* Feed */,
				C017C4522C1C3AA3009924C9 /* Base */,
				C017C4562C1C3AA3009924C9 /* Generator */,
				C017C4582C1C3AA3009924C9 /* Setting */,
			);
			path = Network;
			sourceTree = "<group>";
		};
		C017C4612C1C3AA3009924C9 /* Shared */ = {
			isa = PBXGroup;
			children = (
				C0113D682C3A215300071BF6 /* Alert */,
				C017C45A2C1C3AA3009924C9 /* BlurView.swift */,
				C017C45B2C1C3AA3009924C9 /* BulletText.swift */,
				C017C45C2C1C3AA3009924C9 /* Constants.swift */,
				C017C45D2C1C3AA3009924C9 /* ImageLoaderView.swift */,
				C017C45E2C1C3AA3009924C9 /* LoadingView.swift */,
				C088F2EE2C27AE3400F92320 /* ViewModel.swift */,
			);
			path = Shared;
			sourceTree = "<group>";
		};
		C017C4632C1C3AA3009924C9 /* SplashView */ = {
			isa = PBXGroup;
			children = (
				C017C4622C1C3AA3009924C9 /* SplashView.swift */,
			);
			path = SplashView;
			sourceTree = "<group>";
		};
		C017C4652C1C3AA3009924C9 /* Components */ = {
			isa = PBXGroup;
			children = (
				C017C4642C1C3AA3009924C9 /* FeedComponent.swift */,
			);
			path = Components;
			sourceTree = "<group>";
		};
		C017C4672C1C3AA3009924C9 /* Model */ = {
			isa = PBXGroup;
			children = (
				C017C4662C1C3AA3009924C9 /* FeedEntity.swift */,
				C02843562C314E7200B84566 /* ExampleWithPictureFindResponseDTO.swift */,
			);
			path = Model;
			sourceTree = "<group>";
		};
		C017C46A2C1C3AA3009924C9 /* Home */ = {
			isa = PBXGroup;
			children = (
				C028436F2C32BB8100B84566 /* ViewModel */,
				C02843662C32BB2400B84566 /* UseCase */,
				C02843652C32BB1D00B84566 /* Repository */,
				C017C4652C1C3AA3009924C9 /* Components */,
				C017C4672C1C3AA3009924C9 /* Model */,
				C017C4692C1C3AA3009924C9 /* MainFeedView.swift */,
			);
			path = Home;
			sourceTree = "<group>";
		};
		C017C46C2C1C3AA3009924C9 /* Components */ = {
			isa = PBXGroup;
			children = (
				C017C46B2C1C3AA3009924C9 /* CustomTabView.swift */,
			);
			path = Components;
			sourceTree = "<group>";
		};
		C017C46E2C1C3AA3009924C9 /* Model */ = {
			isa = PBXGroup;
			children = (
				C017C46D2C1C3AA3009924C9 /* Tab.swift */,
			);
			path = Model;
			sourceTree = "<group>";
		};
		C017C4702C1C3AA3009924C9 /* Tab */ = {
			isa = PBXGroup;
			children = (
				C017C46C2C1C3AA3009924C9 /* Components */,
				C017C46E2C1C3AA3009924C9 /* Model */,
				C017C46F2C1C3AA3009924C9 /* GentiTabView.swift */,
			);
			path = Tab;
			sourceTree = "<group>";
		};
		C017C4722C1C3AA3009924C9 /* Modifiers */ = {
			isa = PBXGroup;
			children = (
				C0113D802C3BEAA400071BF6 /* AddDownloadButtonModifier.swift */,
				C0113D7F2C3BEAA400071BF6 /* AddXmarkModifier.swift */,
				C0113D7D2C3BEAA400071BF6 /* CornerRadiusWithGradientModifier.swift */,
				C0113D7A2C3BEA9D00071BF6 /* CustomAlertModifier.swift */,
				C0113D7C2C3BEAA400071BF6 /* LimitLengthModifier.swift */,
				C0113D7B2C3BEAA400071BF6 /* OnFirstAppearModifier.swift */,
				C0113D7E2C3BEAA400071BF6 /* ShareStyleModifier.swift */,
			);
			path = Modifiers;
			sourceTree = "<group>";
		};
		C017C4752C1C3AA3009924C9 /* Extentions */ = {
			isa = PBXGroup;
			children = (
				C017C4722C1C3AA3009924C9 /* Modifiers */,
				C017C4742C1C3AA3009924C9 /* View+Ext.swift */,
				C0113D882C3BED0400071BF6 /* LinearGradient+Ext.swift */,
			);
			path = Extentions;
			sourceTree = "<group>";
		};
		C017C4772C1C3AA3009924C9 /* Login */ = {
			isa = PBXGroup;
			children = (
				C017C4762C1C3AA3009924C9 /* LoginView.swift */,
			);
			path = Login;
			sourceTree = "<group>";
		};
		C017C4792C1C3AA3009924C9 /* Preview Content */ = {
			isa = PBXGroup;
			children = (
				C017C4782C1C3AA3009924C9 /* Preview Assets.xcassets */,
			);
			path = "Preview Content";
			sourceTree = "<group>";
		};
		C02843532C314C0100B84566 /* Feed */ = {
			isa = PBXGroup;
			children = (
				C02843542C314C1E00B84566 /* FeedRouter.swift */,
			);
			path = Feed;
			sourceTree = "<group>";
		};
		C028435C2C326CA500B84566 /* User */ = {
			isa = PBXGroup;
			children = (
				C028435D2C326CAE00B84566 /* UserRouter.swift */,
			);
			path = User;
			sourceTree = "<group>";
		};
		C02843652C32BB1D00B84566 /* Repository */ = {
			isa = PBXGroup;
			children = (
				C028436B2C32BB5D00B84566 /* FeedRepository.swift */,
				C028436D2C32BB6D00B84566 /* FeedRepositoryImpl.swift */,
			);
			path = Repository;
			sourceTree = "<group>";
		};
		C02843662C32BB2400B84566 /* UseCase */ = {
			isa = PBXGroup;
			children = (
				C02843672C32BB3300B84566 /* MainFeedUseCase.swift */,
				C02843692C32BB4600B84566 /* MainFeedUseCaseImpl.swift */,
			);
			path = UseCase;
			sourceTree = "<group>";
		};
		C028436F2C32BB8100B84566 /* ViewModel */ = {
			isa = PBXGroup;
			children = (
				C02843702C32BB8900B84566 /* MainFeedViewModel.swift */,
			);
			path = ViewModel;
			sourceTree = "<group>";
		};
		C02843722C32BEE900B84566 /* Repository */ = {
			isa = PBXGroup;
			children = (
				C02843732C32BEF100B84566 /* UserRepository.swift */,
				C02843752C32BF0700B84566 /* UserRepositoryImpl.swift */,
			);
			path = Repository;
			sourceTree = "<group>";
		};
		C02843772C32BF1400B84566 /* UseCase */ = {
			isa = PBXGroup;
			children = (
				C02843782C32BF1B00B84566 /* ProfileUseCase.swift */,
				C028437A2C32BF3F00B84566 /* ProfileUseCaseImpl.swift */,
			);
			path = UseCase;
			sourceTree = "<group>";
		};
		C028437C2C32BF4C00B84566 /* ViewModel */ = {
			isa = PBXGroup;
			children = (
				C028437D2C32BF5F00B84566 /* ProfileViewModel.swift */,
			);
			path = ViewModel;
			sourceTree = "<group>";
		};
		C088F2C92C25727F00F92320 /* UseCase */ = {
			isa = PBXGroup;
			children = (
				C088F2CA2C2572DB00F92320 /* AlbumUseCase.swift */,
				C088F2CC2C2572EB00F92320 /* AlbumUseCaseImpl.swift */,
				C088F2D32C26564A00F92320 /* PHAssetImageUseCase.swift */,
				C088F2D92C2656BA00F92320 /* PHAssetImageUseCaseImpl.swift */,
			);
			path = UseCase;
			sourceTree = "<group>";
		};
		C088F2CE2C25730900F92320 /* Repository */ = {
			isa = PBXGroup;
			children = (
				C088F2CF2C25732900F92320 /* AlbumRepository.swift */,
				C088F2D12C25733C00F92320 /* AlbumRepositoryImpl.swift */,
			);
			path = Repository;
			sourceTree = "<group>";
		};
		C088F2DB2C26F0C200F92320 /* UseCase */ = {
			isa = PBXGroup;
			children = (
				C088F2DC2C26F0D600F92320 /* ImageGenerateUseCase.swift */,
				C088F2E32C26F1A200F92320 /* ImageGenerateUseCaseImpl.swift */,
			);
			path = UseCase;
			sourceTree = "<group>";
		};
		C088F2DE2C26F0E000F92320 /* Repository */ = {
			isa = PBXGroup;
			children = (
				C088F2DF2C26F0EA00F92320 /* ImageGenerateRepository.swift */,
				C088F2E12C26F10D00F92320 /* ImageGenerateRepositoryImpl.swift */,
			);
			path = Repository;
			sourceTree = "<group>";
		};
		C088F2E52C26F20200F92320 /* Service */ = {
			isa = PBXGroup;
			children = (
				C088F2E62C26F20B00F92320 /* UploadService.swift */,
				C088F2E82C26F21F00F92320 /* UploadServiceImpl.swift */,
				C088F2EA2C27AD7200F92320 /* ImageDataTransferService.swift */,
				C088F2EC2C27AD9200F92320 /* ImageDataTransferServiceImpl.swift */,
			);
			path = Service;
			sourceTree = "<group>";
		};
		C088F2F02C28D74300F92320 /* Component */ = {
			isa = PBXGroup;
			children = (
				C088F2F12C28D76500F92320 /* VerticalImageContentView.swift */,
				C088F2F32C28D77200F92320 /* HorizontalImageContentView.swift */,
			);
			path = Component;
			sourceTree = "<group>";
		};
		C0B80E662C23C5E80071C3CD /* Inferface */ = {
			isa = PBXGroup;
			children = (
				C0B80E672C23C5F80071C3CD /* GetImageFromImagePicker.swift */,
			);
			path = Inferface;
			sourceTree = "<group>";
		};
		C0D74A402C1EA66B00A45371 /* Router */ = {
			isa = PBXGroup;
			children = (
				C0D74A412C1EA68700A45371 /* Router.swift */,
				C0D74A432C1EA6A200A45371 /* RoutingView.swift */,
				C0D74A452C1EA6B500A45371 /* Route.swift */,
			);
			path = Router;
			sourceTree = "<group>";
		};
/* End PBXGroup section */

/* Begin PBXNativeTarget section */
		C017C3D92C1C39CE009924C9 /* Genti_iOS */ = {
			isa = PBXNativeTarget;
			buildConfigurationList = C017C4042C1C39D0009924C9 /* Build configuration list for PBXNativeTarget "Genti_iOS" */;
			buildPhases = (
				C017C3D62C1C39CE009924C9 /* Sources */,
				C017C3D72C1C39CE009924C9 /* Frameworks */,
				C017C3D82C1C39CE009924C9 /* Resources */,
			);
			buildRules = (
			);
			dependencies = (
			);
			name = Genti_iOS;
			packageProductDependencies = (
				C099C34C2C1C3BEE0006EF83 /* Alamofire */,
				C099C34F2C1C3C6D0006EF83 /* Lottie */,
				C099C3522C1C3C7D0006EF83 /* SDWebImageSwiftUI */,
				C099C3552C1C3C8B0006EF83 /* SwiftfulUI */,
				C099C3582C1C3D000006EF83 /* FirebaseAnalytics */,
				C099C35A2C1C3D000006EF83 /* FirebaseMessaging */,
			);
			productName = Genti_iOS;
			productReference = C017C3DA2C1C39CE009924C9 /* Genti_iOS.app */;
			productType = "com.apple.product-type.application";
		};
		C017C3EF2C1C39D0009924C9 /* Genti_iOSTests */ = {
			isa = PBXNativeTarget;
			buildConfigurationList = C017C4072C1C39D0009924C9 /* Build configuration list for PBXNativeTarget "Genti_iOSTests" */;
			buildPhases = (
				C017C3EC2C1C39D0009924C9 /* Sources */,
				C017C3ED2C1C39D0009924C9 /* Frameworks */,
				C017C3EE2C1C39D0009924C9 /* Resources */,
			);
			buildRules = (
			);
			dependencies = (
				C017C3F22C1C39D0009924C9 /* PBXTargetDependency */,
			);
			name = Genti_iOSTests;
			productName = Genti_iOSTests;
			productReference = C017C3F02C1C39D0009924C9 /* Genti_iOSTests.xctest */;
			productType = "com.apple.product-type.bundle.unit-test";
		};
		C017C3F92C1C39D0009924C9 /* Genti_iOSUITests */ = {
			isa = PBXNativeTarget;
			buildConfigurationList = C017C40A2C1C39D0009924C9 /* Build configuration list for PBXNativeTarget "Genti_iOSUITests" */;
			buildPhases = (
				C017C3F62C1C39D0009924C9 /* Sources */,
				C017C3F72C1C39D0009924C9 /* Frameworks */,
				C017C3F82C1C39D0009924C9 /* Resources */,
			);
			buildRules = (
			);
			dependencies = (
				C017C3FC2C1C39D0009924C9 /* PBXTargetDependency */,
			);
			name = Genti_iOSUITests;
			productName = Genti_iOSUITests;
			productReference = C017C3FA2C1C39D0009924C9 /* Genti_iOSUITests.xctest */;
			productType = "com.apple.product-type.bundle.ui-testing";
		};
/* End PBXNativeTarget section */

/* Begin PBXProject section */
		C017C3D22C1C39CE009924C9 /* Project object */ = {
			isa = PBXProject;
			attributes = {
				BuildIndependentTargetsInParallel = 1;
				LastSwiftUpdateCheck = 1540;
				LastUpgradeCheck = 1540;
				TargetAttributes = {
					C017C3D92C1C39CE009924C9 = {
						CreatedOnToolsVersion = 15.4;
					};
					C017C3EF2C1C39D0009924C9 = {
						CreatedOnToolsVersion = 15.4;
						TestTargetID = C017C3D92C1C39CE009924C9;
					};
					C017C3F92C1C39D0009924C9 = {
						CreatedOnToolsVersion = 15.4;
						TestTargetID = C017C3D92C1C39CE009924C9;
					};
				};
			};
			buildConfigurationList = C017C3D52C1C39CE009924C9 /* Build configuration list for PBXProject "Genti_iOS" */;
			compatibilityVersion = "Xcode 14.0";
			developmentRegion = en;
			hasScannedForEncodings = 0;
			knownRegions = (
				en,
				Base,
			);
			mainGroup = C017C3D12C1C39CE009924C9;
			packageReferences = (
				C099C34B2C1C3BEE0006EF83 /* XCRemoteSwiftPackageReference "Alamofire" */,
				C099C34E2C1C3C6D0006EF83 /* XCRemoteSwiftPackageReference "lottie-ios" */,
				C099C3512C1C3C7D0006EF83 /* XCRemoteSwiftPackageReference "SDWebImageSwiftUI" */,
				C099C3542C1C3C8B0006EF83 /* XCRemoteSwiftPackageReference "SwiftfulUI" */,
				C099C3572C1C3D000006EF83 /* XCRemoteSwiftPackageReference "firebase-ios-sdk" */,
			);
			productRefGroup = C017C3DB2C1C39CE009924C9 /* Products */;
			projectDirPath = "";
			projectRoot = "";
			targets = (
				C017C3D92C1C39CE009924C9 /* Genti_iOS */,
				C017C3EF2C1C39D0009924C9 /* Genti_iOSTests */,
				C017C3F92C1C39D0009924C9 /* Genti_iOSUITests */,
			);
		};
/* End PBXProject section */

/* Begin PBXResourcesBuildPhase section */
		C017C3D82C1C39CE009924C9 /* Resources */ = {
			isa = PBXResourcesBuildPhase;
			buildActionMask = 2147483647;
			files = (
				C017C4172C1C3A35009924C9 /* ProgressLottie.json in Resources */,
				C017C4B42C1C3AA3009924C9 /* Preview Assets.xcassets in Resources */,
				C0D74A3F2C1E9B3200A45371 /* Genti_Splash.gif in Resources */,
				C017C4182C1C3A35009924C9 /* Pretendard-Bold.otf in Resources */,
				C017C3E72C1C39D0009924C9 /* Assets.xcassets in Resources */,
				C017C41C2C1C3A35009924C9 /* Pretendard-SemiBold.otf in Resources */,
				C017C4192C1C3A35009924C9 /* Pretendard-Light.otf in Resources */,
				C017C41B2C1C3A35009924C9 /* Pretendard-Regular.otf in Resources */,
				C099C35F2C1C408B0006EF83 /* GoogleService-Info.plist in Resources */,
				C017C3EA2C1C39D0009924C9 /* Base in Resources */,
				C017C41A2C1C3A35009924C9 /* Pretendard-Medium.otf in Resources */,
			);
			runOnlyForDeploymentPostprocessing = 0;
		};
		C017C3EE2C1C39D0009924C9 /* Resources */ = {
			isa = PBXResourcesBuildPhase;
			buildActionMask = 2147483647;
			files = (
			);
			runOnlyForDeploymentPostprocessing = 0;
		};
		C017C3F82C1C39D0009924C9 /* Resources */ = {
			isa = PBXResourcesBuildPhase;
			buildActionMask = 2147483647;
			files = (
			);
			runOnlyForDeploymentPostprocessing = 0;
		};
/* End PBXResourcesBuildPhase section */

/* Begin PBXSourcesBuildPhase section */
		C017C3D62C1C39CE009924C9 /* Sources */ = {
			isa = PBXSourcesBuildPhase;
			buildActionMask = 2147483647;
			files = (
				C017C4922C1C3AA3009924C9 /* ImageAsset.swift in Sources */,
				C099C35D2C1C3DC00006EF83 /* MainRoute.swift in Sources */,
				C088F2EB2C27AD7200F92320 /* ImageDataTransferService.swift in Sources */,
				C017C49F2C1C3AA3009924C9 /* GeneratorRouter.swift in Sources */,
				C017C4A52C1C3AA3009924C9 /* ImageLoaderView.swift in Sources */,
				C017C4982C1C3AA3009924C9 /* PopupImagePickerView.swift in Sources */,
				C088F2F42C28D77200F92320 /* HorizontalImageContentView.swift in Sources */,
				C0113D6A2C3A217600071BF6 /* Alert.swift in Sources */,
				C028436A2C32BB4600B84566 /* MainFeedUseCaseImpl.swift in Sources */,
				C017C4882C1C3AA3009924C9 /* ThirdGeneratorView.swift in Sources */,
				C017C4972C1C3AA3009924C9 /* PHAssetImageView.swift in Sources */,
				C017C48B2C1C3AA3009924C9 /* StraggeredGrid.swift in Sources */,
				C0113D572C37C17400071BF6 /* ImageRepositoryImpl.swift in Sources */,
				C017C4AF2C1C3AA3009924C9 /* GentiTabView.swift in Sources */,
				C088F2D22C25733C00F92320 /* AlbumRepositoryImpl.swift in Sources */,
				C0113D872C3BEAA400071BF6 /* AddDownloadButtonModifier.swift in Sources */,
				C017C4A32C1C3AA3009924C9 /* BulletText.swift in Sources */,
				C088F2EF2C27AE3400F92320 /* ViewModel.swift in Sources */,
				C0D74A422C1EA68700A45371 /* Router.swift in Sources */,
				C0113D5E2C37C1D700071BF6 /* PhotoDetailViewModel.swift in Sources */,
				C017C49E2C1C3AA3009924C9 /* GeneratorRequest.swift in Sources */,
				C017C47C2C1C3AA3009924C9 /* RatingAlertView.swift in Sources */,
				C017C49C2C1C3AA3009924C9 /* APIService.swift in Sources */,
				C0D74A462C1EA6B500A45371 /* Route.swift in Sources */,
				C017C4852C1C3AA3009924C9 /* FirstGeneratorView.swift in Sources */,
				C088F2D62C26567500F92320 /* PHAssetImageService.swift in Sources */,
				C0113D6F2C3A21B100071BF6 /* PhotoCompleteViewViewModel.swift in Sources */,
				C017C4992C1C3AA3009924C9 /* API.swift in Sources */,
				C017C47E2C1C3AA3009924C9 /* GeneratorNavigationButton.swift in Sources */,
				C017C4B22C1C3AA3009924C9 /* View+Ext.swift in Sources */,
				C0113D852C3BEAA400071BF6 /* ShareStyleModifier.swift in Sources */,
				C017C48A2C1C3AA3009924C9 /* SettingRow.swift in Sources */,
				C017C47F2C1C3AA3009924C9 /* Caution.swift in Sources */,
				C028437B2C32BF3F00B84566 /* ProfileUseCaseImpl.swift in Sources */,
				C088F2F22C28D76500F92320 /* VerticalImageContentView.swift in Sources */,
				C028435E2C326CAE00B84566 /* UserRouter.swift in Sources */,
				C017C4962C1C3AA3009924C9 /* PHAssetImageViewModel.swift in Sources */,
				C0113D832C3BEAA400071BF6 /* LimitLengthModifier.swift in Sources */,
				C017C4832C1C3AA3009924C9 /* PhotoRatio.swift in Sources */,
				C017C48D2C1C3AA3009924C9 /* MyImagesEntitiy.swift in Sources */,
				C0113D812C3BEAA400071BF6 /* CustomAlertModifier.swift in Sources */,
				C017C4A92C1C3AA3009924C9 /* SplashView.swift in Sources */,
				C017C49A2C1C3AA3009924C9 /* APIEventLogger.swift in Sources */,
				C017C48C2C1C3AA3009924C9 /* WebView.swift in Sources */,
				C017C41D2C1C3A35009924C9 /* Font+.swift in Sources */,
				C017C4AB2C1C3AA3009924C9 /* FeedEntity.swift in Sources */,
				C017C4902C1C3AA3009924C9 /* ProfileView.swift in Sources */,
				C017C4A42C1C3AA3009924C9 /* Constants.swift in Sources */,
				C017C4872C1C3AA3009924C9 /* SecondGeneratorView.swift in Sources */,
				C017C49B2C1C3AA3009924C9 /* APIResponse.swift in Sources */,
				C088F2D82C26569700F92320 /* PHAssetImageServiceImpl.swift in Sources */,
				C017C4942C1C3AA3009924C9 /* AlbumService.swift in Sources */,
				C0113D842C3BEAA400071BF6 /* CornerRadiusWithGradientModifier.swift in Sources */,
				C088F2C62C25716E00F92320 /* AlbumServiceImpl.swift in Sources */,
				C017C4A22C1C3AA3009924C9 /* BlurView.swift in Sources */,
				C0113D622C37C25400071BF6 /* PhotoDetailView.swift in Sources */,
				C017C4AC2C1C3AA3009924C9 /* MainFeedView.swift in Sources */,
				C088F2CD2C2572EB00F92320 /* AlbumUseCaseImpl.swift in Sources */,
				C088F2E22C26F10D00F92320 /* ImageGenerateRepositoryImpl.swift in Sources */,
				C088F2ED2C27AD9200F92320 /* ImageDataTransferServiceImpl.swift in Sources */,
				C088F2E92C26F21F00F92320 /* UploadServiceImpl.swift in Sources */,
				C0B80E652C23C5C60071C3CD /* ThirdGeneratorViewModel.swift in Sources */,
				C0113D892C3BED0400071BF6 /* LinearGradient+Ext.swift in Sources */,
				C017C4AA2C1C3AA3009924C9 /* FeedComponent.swift in Sources */,
				C017C47D2C1C3AA3009924C9 /* GeneratorHeaderView.swift in Sources */,
				C017C3DE2C1C39CE009924C9 /* AppDelegate.swift in Sources */,
				C017C4932C1C3AA3009924C9 /* ImagePickerType.swift in Sources */,
				C088F2DA2C2656BA00F92320 /* PHAssetImageUseCaseImpl.swift in Sources */,
				C0113D552C37C15200071BF6 /* ImageRepository.swift in Sources */,
				C0113D602C37C20300071BF6 /* PhotoDetailWithShareView.swift in Sources */,
				C0113D6C2C3A219300071BF6 /* AlertType.swift in Sources */,
				C028436C2C32BB5D00B84566 /* FeedRepository.swift in Sources */,
				C088F2E42C26F1A200F92320 /* ImageGenerateUseCaseImpl.swift in Sources */,
				C0113D822C3BEAA400071BF6 /* OnFirstAppearModifier.swift in Sources */,
				C028437E2C32BF5F00B84566 /* ProfileViewModel.swift in Sources */,
				C017C48E2C1C3AA3009924C9 /* GentiWebView.swift in Sources */,
				C0B80E682C23C5F80071C3CD /* GetImageFromImagePicker.swift in Sources */,
				C088F2E72C26F20B00F92320 /* UploadService.swift in Sources */,
				C017C4AD2C1C3AA3009924C9 /* CustomTabView.swift in Sources */,
				C088F2D02C25732900F92320 /* AlbumRepository.swift in Sources */,
				C02843712C32BB8900B84566 /* MainFeedViewModel.swift in Sources */,
				C0B80E5E2C23C57C0071C3CD /* RequestImageData.swift in Sources */,
				C017C4822C1C3AA3009924C9 /* PhotoFrame.swift in Sources */,
				C028436E2C32BB6D00B84566 /* FeedRepositoryImpl.swift in Sources */,
				C02843792C32BF1B00B84566 /* ProfileUseCase.swift in Sources */,
				C0B80E602C23C59B0071C3CD /* FirstGeneratorViewModel.swift in Sources */,
				C088F2DD2C26F0D600F92320 /* ImageGenerateUseCase.swift in Sources */,
				C017C4AE2C1C3AA3009924C9 /* Tab.swift in Sources */,
				C017C49D2C1C3AA3009924C9 /* GentiError.swift in Sources */,
				C017C4A02C1C3AA3009924C9 /* GetUploadImageUrlDTO.swift in Sources */,
				C02843742C32BEF100B84566 /* UserRepository.swift in Sources */,
				C0B80E622C23C5AE0071C3CD /* SecondGeneratorViewModel.swift in Sources */,
				C0113D672C3A208F00071BF6 /* CompletePhotoEntity.swift in Sources */,
				C017C4A12C1C3AA3009924C9 /* SettingRouter.swift in Sources */,
				C0113D862C3BEAA400071BF6 /* AddXmarkModifier.swift in Sources */,
				C02843552C314C1E00B84566 /* FeedRouter.swift in Sources */,
				C017C4862C1C3AA3009924C9 /* GenerateRequestCompleteView.swift in Sources */,
				C017C4952C1C3AA3009924C9 /* ImagePickerViewModel.swift in Sources */,
				C017C4A62C1C3AA3009924C9 /* LoadingView.swift in Sources */,
				C02843592C326ACC00B84566 /* PageCommonPictureResponseDTO.swift in Sources */,
				C02843762C32BF0700B84566 /* UserRepositoryImpl.swift in Sources */,
				C0D74A442C1EA6A200A45371 /* RoutingView.swift in Sources */,
				C088F2CB2C2572DB00F92320 /* AlbumUseCase.swift in Sources */,
				C017C47A2C1C3AA3009924C9 /* PhotoCompleteView.swift in Sources */,
				C088F2D42C26564A00F92320 /* PHAssetImageUseCase.swift in Sources */,
				C017C4812C1C3AA3009924C9 /* PhotoAngle.swift in Sources */,
				C0113D592C37C19800071BF6 /* HapticRepository.swift in Sources */,
				C017C4B32C1C3AA3009924C9 /* LoginView.swift in Sources */,
				C017C3E02C1C39CE009924C9 /* SceneDelegate.swift in Sources */,
				C0113D5B2C37C1A700071BF6 /* HapticRepositoryImpl.swift in Sources */,
				C017C4202C1C3A62009924C9 /* GentiApp.swift in Sources */,
				C017C4912C1C3AA3009924C9 /* SettingView.swift in Sources */,
				C088F2E02C26F0EA00F92320 /* ImageGenerateRepository.swift in Sources */,
				C02843572C314E7200B84566 /* ExampleWithPictureFindResponseDTO.swift in Sources */,
				C02843682C32BB3300B84566 /* MainFeedUseCase.swift in Sources */,
			);
			runOnlyForDeploymentPostprocessing = 0;
		};
		C017C3EC2C1C39D0009924C9 /* Sources */ = {
			isa = PBXSourcesBuildPhase;
			buildActionMask = 2147483647;
			files = (
				C017C3F52C1C39D0009924C9 /* Genti_iOSTests.swift in Sources */,
			);
			runOnlyForDeploymentPostprocessing = 0;
		};
		C017C3F62C1C39D0009924C9 /* Sources */ = {
			isa = PBXSourcesBuildPhase;
			buildActionMask = 2147483647;
			files = (
				C017C4012C1C39D0009924C9 /* Genti_iOSUITestsLaunchTests.swift in Sources */,
				C017C3FF2C1C39D0009924C9 /* Genti_iOSUITests.swift in Sources */,
			);
			runOnlyForDeploymentPostprocessing = 0;
		};
/* End PBXSourcesBuildPhase section */

/* Begin PBXTargetDependency section */
		C017C3F22C1C39D0009924C9 /* PBXTargetDependency */ = {
			isa = PBXTargetDependency;
			target = C017C3D92C1C39CE009924C9 /* Genti_iOS */;
			targetProxy = C017C3F12C1C39D0009924C9 /* PBXContainerItemProxy */;
		};
		C017C3FC2C1C39D0009924C9 /* PBXTargetDependency */ = {
			isa = PBXTargetDependency;
			target = C017C3D92C1C39CE009924C9 /* Genti_iOS */;
			targetProxy = C017C3FB2C1C39D0009924C9 /* PBXContainerItemProxy */;
		};
/* End PBXTargetDependency section */

/* Begin PBXVariantGroup section */
		C017C3E82C1C39D0009924C9 /* LaunchScreen.storyboard */ = {
			isa = PBXVariantGroup;
			children = (
				C017C3E92C1C39D0009924C9 /* Base */,
			);
			name = LaunchScreen.storyboard;
			sourceTree = "<group>";
		};
/* End PBXVariantGroup section */

/* Begin XCBuildConfiguration section */
		C017C4022C1C39D0009924C9 /* Debug */ = {
			isa = XCBuildConfiguration;
			buildSettings = {
				ALWAYS_SEARCH_USER_PATHS = NO;
				ASSETCATALOG_COMPILER_GENERATE_SWIFT_ASSET_SYMBOL_EXTENSIONS = YES;
				CLANG_ANALYZER_NONNULL = YES;
				CLANG_ANALYZER_NUMBER_OBJECT_CONVERSION = YES_AGGRESSIVE;
				CLANG_CXX_LANGUAGE_STANDARD = "gnu++20";
				CLANG_ENABLE_MODULES = YES;
				CLANG_ENABLE_OBJC_ARC = YES;
				CLANG_ENABLE_OBJC_WEAK = YES;
				CLANG_WARN_BLOCK_CAPTURE_AUTORELEASING = YES;
				CLANG_WARN_BOOL_CONVERSION = YES;
				CLANG_WARN_COMMA = YES;
				CLANG_WARN_CONSTANT_CONVERSION = YES;
				CLANG_WARN_DEPRECATED_OBJC_IMPLEMENTATIONS = YES;
				CLANG_WARN_DIRECT_OBJC_ISA_USAGE = YES_ERROR;
				CLANG_WARN_DOCUMENTATION_COMMENTS = YES;
				CLANG_WARN_EMPTY_BODY = YES;
				CLANG_WARN_ENUM_CONVERSION = YES;
				CLANG_WARN_INFINITE_RECURSION = YES;
				CLANG_WARN_INT_CONVERSION = YES;
				CLANG_WARN_NON_LITERAL_NULL_CONVERSION = YES;
				CLANG_WARN_OBJC_IMPLICIT_RETAIN_SELF = YES;
				CLANG_WARN_OBJC_LITERAL_CONVERSION = YES;
				CLANG_WARN_OBJC_ROOT_CLASS = YES_ERROR;
				CLANG_WARN_QUOTED_INCLUDE_IN_FRAMEWORK_HEADER = YES;
				CLANG_WARN_RANGE_LOOP_ANALYSIS = YES;
				CLANG_WARN_STRICT_PROTOTYPES = YES;
				CLANG_WARN_SUSPICIOUS_MOVE = YES;
				CLANG_WARN_UNGUARDED_AVAILABILITY = YES_AGGRESSIVE;
				CLANG_WARN_UNREACHABLE_CODE = YES;
				CLANG_WARN__DUPLICATE_METHOD_MATCH = YES;
				COPY_PHASE_STRIP = NO;
				DEBUG_INFORMATION_FORMAT = dwarf;
				ENABLE_STRICT_OBJC_MSGSEND = YES;
				ENABLE_TESTABILITY = YES;
				ENABLE_USER_SCRIPT_SANDBOXING = YES;
				GCC_C_LANGUAGE_STANDARD = gnu17;
				GCC_DYNAMIC_NO_PIC = NO;
				GCC_NO_COMMON_BLOCKS = YES;
				GCC_OPTIMIZATION_LEVEL = 0;
				GCC_PREPROCESSOR_DEFINITIONS = (
					"DEBUG=1",
					"$(inherited)",
				);
				GCC_WARN_64_TO_32_BIT_CONVERSION = YES;
				GCC_WARN_ABOUT_RETURN_TYPE = YES_ERROR;
				GCC_WARN_UNDECLARED_SELECTOR = YES;
				GCC_WARN_UNINITIALIZED_AUTOS = YES_AGGRESSIVE;
				GCC_WARN_UNUSED_FUNCTION = YES;
				GCC_WARN_UNUSED_VARIABLE = YES;
				IPHONEOS_DEPLOYMENT_TARGET = 17.0;
				LOCALIZATION_PREFERS_STRING_CATALOGS = YES;
				MTL_ENABLE_DEBUG_INFO = INCLUDE_SOURCE;
				MTL_FAST_MATH = YES;
				ONLY_ACTIVE_ARCH = YES;
				SDKROOT = iphoneos;
				SWIFT_ACTIVE_COMPILATION_CONDITIONS = "DEBUG $(inherited)";
				SWIFT_OPTIMIZATION_LEVEL = "-Onone";
			};
			name = Debug;
		};
		C017C4032C1C39D0009924C9 /* Release */ = {
			isa = XCBuildConfiguration;
			buildSettings = {
				ALWAYS_SEARCH_USER_PATHS = NO;
				ASSETCATALOG_COMPILER_GENERATE_SWIFT_ASSET_SYMBOL_EXTENSIONS = YES;
				CLANG_ANALYZER_NONNULL = YES;
				CLANG_ANALYZER_NUMBER_OBJECT_CONVERSION = YES_AGGRESSIVE;
				CLANG_CXX_LANGUAGE_STANDARD = "gnu++20";
				CLANG_ENABLE_MODULES = YES;
				CLANG_ENABLE_OBJC_ARC = YES;
				CLANG_ENABLE_OBJC_WEAK = YES;
				CLANG_WARN_BLOCK_CAPTURE_AUTORELEASING = YES;
				CLANG_WARN_BOOL_CONVERSION = YES;
				CLANG_WARN_COMMA = YES;
				CLANG_WARN_CONSTANT_CONVERSION = YES;
				CLANG_WARN_DEPRECATED_OBJC_IMPLEMENTATIONS = YES;
				CLANG_WARN_DIRECT_OBJC_ISA_USAGE = YES_ERROR;
				CLANG_WARN_DOCUMENTATION_COMMENTS = YES;
				CLANG_WARN_EMPTY_BODY = YES;
				CLANG_WARN_ENUM_CONVERSION = YES;
				CLANG_WARN_INFINITE_RECURSION = YES;
				CLANG_WARN_INT_CONVERSION = YES;
				CLANG_WARN_NON_LITERAL_NULL_CONVERSION = YES;
				CLANG_WARN_OBJC_IMPLICIT_RETAIN_SELF = YES;
				CLANG_WARN_OBJC_LITERAL_CONVERSION = YES;
				CLANG_WARN_OBJC_ROOT_CLASS = YES_ERROR;
				CLANG_WARN_QUOTED_INCLUDE_IN_FRAMEWORK_HEADER = YES;
				CLANG_WARN_RANGE_LOOP_ANALYSIS = YES;
				CLANG_WARN_STRICT_PROTOTYPES = YES;
				CLANG_WARN_SUSPICIOUS_MOVE = YES;
				CLANG_WARN_UNGUARDED_AVAILABILITY = YES_AGGRESSIVE;
				CLANG_WARN_UNREACHABLE_CODE = YES;
				CLANG_WARN__DUPLICATE_METHOD_MATCH = YES;
				COPY_PHASE_STRIP = NO;
				DEBUG_INFORMATION_FORMAT = "dwarf-with-dsym";
				ENABLE_NS_ASSERTIONS = NO;
				ENABLE_STRICT_OBJC_MSGSEND = YES;
				ENABLE_USER_SCRIPT_SANDBOXING = YES;
				GCC_C_LANGUAGE_STANDARD = gnu17;
				GCC_NO_COMMON_BLOCKS = YES;
				GCC_WARN_64_TO_32_BIT_CONVERSION = YES;
				GCC_WARN_ABOUT_RETURN_TYPE = YES_ERROR;
				GCC_WARN_UNDECLARED_SELECTOR = YES;
				GCC_WARN_UNINITIALIZED_AUTOS = YES_AGGRESSIVE;
				GCC_WARN_UNUSED_FUNCTION = YES;
				GCC_WARN_UNUSED_VARIABLE = YES;
				IPHONEOS_DEPLOYMENT_TARGET = 17.0;
				LOCALIZATION_PREFERS_STRING_CATALOGS = YES;
				MTL_ENABLE_DEBUG_INFO = NO;
				MTL_FAST_MATH = YES;
				SDKROOT = iphoneos;
				SWIFT_COMPILATION_MODE = wholemodule;
				VALIDATE_PRODUCT = YES;
			};
			name = Release;
		};
		C017C4052C1C39D0009924C9 /* Debug */ = {
			isa = XCBuildConfiguration;
			buildSettings = {
				ASSETCATALOG_COMPILER_APPICON_NAME = AppIcon;
				ASSETCATALOG_COMPILER_GLOBAL_ACCENT_COLOR_NAME = AccentColor;
				CODE_SIGN_ENTITLEMENTS = Genti_iOS/Genti_iOS.entitlements;
				CODE_SIGN_IDENTITY = "Apple Development";
				"CODE_SIGN_IDENTITY[sdk=iphoneos*]" = "iPhone Developer";
				CODE_SIGN_STYLE = Manual;
				CURRENT_PROJECT_VERSION = 1;
				DEVELOPMENT_TEAM = "";
				"DEVELOPMENT_TEAM[sdk=iphoneos*]" = Z225784MRD;
				GENERATE_INFOPLIST_FILE = YES;
				INFOPLIST_FILE = Genti_iOS/Info.plist;
				INFOPLIST_KEY_UIApplicationSupportsIndirectInputEvents = YES;
				INFOPLIST_KEY_UILaunchStoryboardName = LaunchScreen;
				INFOPLIST_KEY_UISupportedInterfaceOrientations_iPad = "UIInterfaceOrientationPortrait UIInterfaceOrientationPortraitUpsideDown UIInterfaceOrientationLandscapeLeft UIInterfaceOrientationLandscapeRight";
				INFOPLIST_KEY_UISupportedInterfaceOrientations_iPhone = "UIInterfaceOrientationPortrait UIInterfaceOrientationLandscapeLeft UIInterfaceOrientationLandscapeRight";
				IPHONEOS_DEPLOYMENT_TARGET = 17.0;
				LD_RUNPATH_SEARCH_PATHS = (
					"$(inherited)",
					"@executable_path/Frameworks",
				);
				MARKETING_VERSION = 1.0;
				PRODUCT_BUNDLE_IDENTIFIER = com.Genti.iOS.2024;
				PRODUCT_NAME = "$(TARGET_NAME)";
				PROVISIONING_PROFILE_SPECIFIER = "";
				"PROVISIONING_PROFILE_SPECIFIER[sdk=iphoneos*]" = Genti;
				SWIFT_EMIT_LOC_STRINGS = YES;
				SWIFT_VERSION = 5.0;
				TARGETED_DEVICE_FAMILY = "1,2";
			};
			name = Debug;
		};
		C017C4062C1C39D0009924C9 /* Release */ = {
			isa = XCBuildConfiguration;
			buildSettings = {
				ASSETCATALOG_COMPILER_APPICON_NAME = AppIcon;
				ASSETCATALOG_COMPILER_GLOBAL_ACCENT_COLOR_NAME = AccentColor;
				CODE_SIGN_ENTITLEMENTS = Genti_iOS/Genti_iOS.entitlements;
				CODE_SIGN_IDENTITY = "Apple Development";
				"CODE_SIGN_IDENTITY[sdk=iphoneos*]" = "iPhone Developer";
				CODE_SIGN_STYLE = Manual;
				CURRENT_PROJECT_VERSION = 1;
				DEVELOPMENT_TEAM = "";
				"DEVELOPMENT_TEAM[sdk=iphoneos*]" = Z225784MRD;
				GENERATE_INFOPLIST_FILE = YES;
				INFOPLIST_FILE = Genti_iOS/Info.plist;
				INFOPLIST_KEY_UIApplicationSupportsIndirectInputEvents = YES;
				INFOPLIST_KEY_UILaunchStoryboardName = LaunchScreen;
				INFOPLIST_KEY_UISupportedInterfaceOrientations_iPad = "UIInterfaceOrientationPortrait UIInterfaceOrientationPortraitUpsideDown UIInterfaceOrientationLandscapeLeft UIInterfaceOrientationLandscapeRight";
				INFOPLIST_KEY_UISupportedInterfaceOrientations_iPhone = "UIInterfaceOrientationPortrait UIInterfaceOrientationLandscapeLeft UIInterfaceOrientationLandscapeRight";
				IPHONEOS_DEPLOYMENT_TARGET = 17.0;
				LD_RUNPATH_SEARCH_PATHS = (
					"$(inherited)",
					"@executable_path/Frameworks",
				);
				MARKETING_VERSION = 1.0;
				PRODUCT_BUNDLE_IDENTIFIER = com.Genti.iOS.2024;
				PRODUCT_NAME = "$(TARGET_NAME)";
				PROVISIONING_PROFILE_SPECIFIER = "";
				"PROVISIONING_PROFILE_SPECIFIER[sdk=iphoneos*]" = Genti;
				SWIFT_EMIT_LOC_STRINGS = YES;
				SWIFT_VERSION = 5.0;
				TARGETED_DEVICE_FAMILY = "1,2";
			};
			name = Release;
		};
		C017C4082C1C39D0009924C9 /* Debug */ = {
			isa = XCBuildConfiguration;
			buildSettings = {
				ALWAYS_EMBED_SWIFT_STANDARD_LIBRARIES = YES;
				BUNDLE_LOADER = "$(TEST_HOST)";
				CODE_SIGN_STYLE = Automatic;
				CURRENT_PROJECT_VERSION = 1;
				DEVELOPMENT_TEAM = Z225784MRD;
				GENERATE_INFOPLIST_FILE = YES;
				IPHONEOS_DEPLOYMENT_TARGET = 17.5;
				MARKETING_VERSION = 1.0;
				PRODUCT_BUNDLE_IDENTIFIER = "com.Genti.2024.Genti-iOSTests";
				PRODUCT_NAME = "$(TARGET_NAME)";
				SWIFT_EMIT_LOC_STRINGS = NO;
				SWIFT_VERSION = 5.0;
				TARGETED_DEVICE_FAMILY = "1,2";
				TEST_HOST = "$(BUILT_PRODUCTS_DIR)/Genti_iOS.app/$(BUNDLE_EXECUTABLE_FOLDER_PATH)/Genti_iOS";
			};
			name = Debug;
		};
		C017C4092C1C39D0009924C9 /* Release */ = {
			isa = XCBuildConfiguration;
			buildSettings = {
				ALWAYS_EMBED_SWIFT_STANDARD_LIBRARIES = YES;
				BUNDLE_LOADER = "$(TEST_HOST)";
				CODE_SIGN_STYLE = Automatic;
				CURRENT_PROJECT_VERSION = 1;
				DEVELOPMENT_TEAM = Z225784MRD;
				GENERATE_INFOPLIST_FILE = YES;
				IPHONEOS_DEPLOYMENT_TARGET = 17.5;
				MARKETING_VERSION = 1.0;
				PRODUCT_BUNDLE_IDENTIFIER = "com.Genti.2024.Genti-iOSTests";
				PRODUCT_NAME = "$(TARGET_NAME)";
				SWIFT_EMIT_LOC_STRINGS = NO;
				SWIFT_VERSION = 5.0;
				TARGETED_DEVICE_FAMILY = "1,2";
				TEST_HOST = "$(BUILT_PRODUCTS_DIR)/Genti_iOS.app/$(BUNDLE_EXECUTABLE_FOLDER_PATH)/Genti_iOS";
			};
			name = Release;
		};
		C017C40B2C1C39D0009924C9 /* Debug */ = {
			isa = XCBuildConfiguration;
			buildSettings = {
				ALWAYS_EMBED_SWIFT_STANDARD_LIBRARIES = YES;
				CODE_SIGN_STYLE = Automatic;
				CURRENT_PROJECT_VERSION = 1;
				DEVELOPMENT_TEAM = Z225784MRD;
				GENERATE_INFOPLIST_FILE = YES;
				MARKETING_VERSION = 1.0;
				PRODUCT_BUNDLE_IDENTIFIER = "com.Genti.2024.Genti-iOSUITests";
				PRODUCT_NAME = "$(TARGET_NAME)";
				SWIFT_EMIT_LOC_STRINGS = NO;
				SWIFT_VERSION = 5.0;
				TARGETED_DEVICE_FAMILY = "1,2";
				TEST_TARGET_NAME = Genti_iOS;
			};
			name = Debug;
		};
		C017C40C2C1C39D0009924C9 /* Release */ = {
			isa = XCBuildConfiguration;
			buildSettings = {
				ALWAYS_EMBED_SWIFT_STANDARD_LIBRARIES = YES;
				CODE_SIGN_STYLE = Automatic;
				CURRENT_PROJECT_VERSION = 1;
				DEVELOPMENT_TEAM = Z225784MRD;
				GENERATE_INFOPLIST_FILE = YES;
				MARKETING_VERSION = 1.0;
				PRODUCT_BUNDLE_IDENTIFIER = "com.Genti.2024.Genti-iOSUITests";
				PRODUCT_NAME = "$(TARGET_NAME)";
				SWIFT_EMIT_LOC_STRINGS = NO;
				SWIFT_VERSION = 5.0;
				TARGETED_DEVICE_FAMILY = "1,2";
				TEST_TARGET_NAME = Genti_iOS;
			};
			name = Release;
		};
/* End XCBuildConfiguration section */

/* Begin XCConfigurationList section */
		C017C3D52C1C39CE009924C9 /* Build configuration list for PBXProject "Genti_iOS" */ = {
			isa = XCConfigurationList;
			buildConfigurations = (
				C017C4022C1C39D0009924C9 /* Debug */,
				C017C4032C1C39D0009924C9 /* Release */,
			);
			defaultConfigurationIsVisible = 0;
			defaultConfigurationName = Release;
		};
		C017C4042C1C39D0009924C9 /* Build configuration list for PBXNativeTarget "Genti_iOS" */ = {
			isa = XCConfigurationList;
			buildConfigurations = (
				C017C4052C1C39D0009924C9 /* Debug */,
				C017C4062C1C39D0009924C9 /* Release */,
			);
			defaultConfigurationIsVisible = 0;
			defaultConfigurationName = Release;
		};
		C017C4072C1C39D0009924C9 /* Build configuration list for PBXNativeTarget "Genti_iOSTests" */ = {
			isa = XCConfigurationList;
			buildConfigurations = (
				C017C4082C1C39D0009924C9 /* Debug */,
				C017C4092C1C39D0009924C9 /* Release */,
			);
			defaultConfigurationIsVisible = 0;
			defaultConfigurationName = Release;
		};
		C017C40A2C1C39D0009924C9 /* Build configuration list for PBXNativeTarget "Genti_iOSUITests" */ = {
			isa = XCConfigurationList;
			buildConfigurations = (
				C017C40B2C1C39D0009924C9 /* Debug */,
				C017C40C2C1C39D0009924C9 /* Release */,
			);
			defaultConfigurationIsVisible = 0;
			defaultConfigurationName = Release;
		};
/* End XCConfigurationList section */

/* Begin XCRemoteSwiftPackageReference section */
		C099C34B2C1C3BEE0006EF83 /* XCRemoteSwiftPackageReference "Alamofire" */ = {
			isa = XCRemoteSwiftPackageReference;
			repositoryURL = "https://github.com/Alamofire/Alamofire";
			requirement = {
				kind = upToNextMajorVersion;
				minimumVersion = 5.9.1;
			};
		};
		C099C34E2C1C3C6D0006EF83 /* XCRemoteSwiftPackageReference "lottie-ios" */ = {
			isa = XCRemoteSwiftPackageReference;
			repositoryURL = "https://github.com/airbnb/lottie-ios";
			requirement = {
				kind = upToNextMajorVersion;
				minimumVersion = 4.4.3;
			};
		};
		C099C3512C1C3C7D0006EF83 /* XCRemoteSwiftPackageReference "SDWebImageSwiftUI" */ = {
			isa = XCRemoteSwiftPackageReference;
			repositoryURL = "https://github.com/SDWebImage/SDWebImageSwiftUI.git";
			requirement = {
				kind = upToNextMajorVersion;
				minimumVersion = 3.0.4;
			};
		};
		C099C3542C1C3C8B0006EF83 /* XCRemoteSwiftPackageReference "SwiftfulUI" */ = {
			isa = XCRemoteSwiftPackageReference;
			repositoryURL = "https://github.com/SwiftfulThinking/SwiftfulUI.git";
			requirement = {
				kind = upToNextMajorVersion;
				minimumVersion = 1.2.0;
			};
		};
		C099C3572C1C3D000006EF83 /* XCRemoteSwiftPackageReference "firebase-ios-sdk" */ = {
			isa = XCRemoteSwiftPackageReference;
			repositoryURL = "https://github.com/firebase/firebase-ios-sdk.git";
			requirement = {
				kind = upToNextMajorVersion;
				minimumVersion = 10.27.0;
			};
		};
/* End XCRemoteSwiftPackageReference section */

/* Begin XCSwiftPackageProductDependency section */
		C099C34C2C1C3BEE0006EF83 /* Alamofire */ = {
			isa = XCSwiftPackageProductDependency;
			package = C099C34B2C1C3BEE0006EF83 /* XCRemoteSwiftPackageReference "Alamofire" */;
			productName = Alamofire;
		};
		C099C34F2C1C3C6D0006EF83 /* Lottie */ = {
			isa = XCSwiftPackageProductDependency;
			package = C099C34E2C1C3C6D0006EF83 /* XCRemoteSwiftPackageReference "lottie-ios" */;
			productName = Lottie;
		};
		C099C3522C1C3C7D0006EF83 /* SDWebImageSwiftUI */ = {
			isa = XCSwiftPackageProductDependency;
			package = C099C3512C1C3C7D0006EF83 /* XCRemoteSwiftPackageReference "SDWebImageSwiftUI" */;
			productName = SDWebImageSwiftUI;
		};
		C099C3552C1C3C8B0006EF83 /* SwiftfulUI */ = {
			isa = XCSwiftPackageProductDependency;
			package = C099C3542C1C3C8B0006EF83 /* XCRemoteSwiftPackageReference "SwiftfulUI" */;
			productName = SwiftfulUI;
		};
		C099C3582C1C3D000006EF83 /* FirebaseAnalytics */ = {
			isa = XCSwiftPackageProductDependency;
			package = C099C3572C1C3D000006EF83 /* XCRemoteSwiftPackageReference "firebase-ios-sdk" */;
			productName = FirebaseAnalytics;
		};
		C099C35A2C1C3D000006EF83 /* FirebaseMessaging */ = {
			isa = XCSwiftPackageProductDependency;
			package = C099C3572C1C3D000006EF83 /* XCRemoteSwiftPackageReference "firebase-ios-sdk" */;
			productName = FirebaseMessaging;
		};
/* End XCSwiftPackageProductDependency section */
	};
	rootObject = C017C3D22C1C39CE009924C9 /* Project object */;
}
