// !$*UTF8*$!
{
	archiveVersion = 1;
	classes = {
	};
	objectVersion = 56;
	objects = {

/* Begin PBXBuildFile section */
		C073BD472BCBE5FA00130BAD /* GentiApp.swift in Sources */ = {isa = PBXBuildFile; fileRef = C073BD462BCBE5FA00130BAD /* GentiApp.swift */; };
		C073BD492BCBE5FA00130BAD /* ContentView.swift in Sources */ = {isa = PBXBuildFile; fileRef = C073BD482BCBE5FA00130BAD /* ContentView.swift */; };
		C073BD4B2BCBE5FC00130BAD /* Assets.xcassets in Resources */ = {isa = PBXBuildFile; fileRef = C073BD4A2BCBE5FC00130BAD /* Assets.xcassets */; };
		C073BD4E2BCBE5FC00130BAD /* Preview Assets.xcassets in Resources */ = {isa = PBXBuildFile; fileRef = C073BD4D2BCBE5FC00130BAD /* Preview Assets.xcassets */; };
		C073BD582BCBE5FC00130BAD /* GentiTests.swift in Sources */ = {isa = PBXBuildFile; fileRef = C073BD572BCBE5FC00130BAD /* GentiTests.swift */; };
		C073BD622BCBE5FC00130BAD /* GentiUITests.swift in Sources */ = {isa = PBXBuildFile; fileRef = C073BD612BCBE5FC00130BAD /* GentiUITests.swift */; };
		C073BD642BCBE5FC00130BAD /* GentiUITestsLaunchTests.swift in Sources */ = {isa = PBXBuildFile; fileRef = C073BD632BCBE5FC00130BAD /* GentiUITestsLaunchTests.swift */; };
/* End PBXBuildFile section */

/* Begin PBXContainerItemProxy section */
		C073BD542BCBE5FC00130BAD /* PBXContainerItemProxy */ = {
			isa = PBXContainerItemProxy;
			containerPortal = C073BD3B2BCBE5FA00130BAD /* Project object */;
			proxyType = 1;
			remoteGlobalIDString = C073BD422BCBE5FA00130BAD;
			remoteInfo = Genti;
		};
		C073BD5E2BCBE5FC00130BAD /* PBXContainerItemProxy */ = {
			isa = PBXContainerItemProxy;
			containerPortal = C073BD3B2BCBE5FA00130BAD /* Project object */;
			proxyType = 1;
			remoteGlobalIDString = C073BD422BCBE5FA00130BAD;
			remoteInfo = Genti;
		};
/* End PBXContainerItemProxy section */

/* Begin PBXFileReference section */
		C073BD432BCBE5FA00130BAD /* Genti.app */ = {isa = PBXFileReference; explicitFileType = wrapper.application; includeInIndex = 0; path = Genti.app; sourceTree = BUILT_PRODUCTS_DIR; };
		C073BD462BCBE5FA00130BAD /* GentiApp.swift */ = {isa = PBXFileReference; lastKnownFileType = sourcecode.swift; path = GentiApp.swift; sourceTree = "<group>"; };
		C073BD482BCBE5FA00130BAD /* ContentView.swift */ = {isa = PBXFileReference; lastKnownFileType = sourcecode.swift; path = ContentView.swift; sourceTree = "<group>"; };
		C073BD4A2BCBE5FC00130BAD /* Assets.xcassets */ = {isa = PBXFileReference; lastKnownFileType = folder.assetcatalog; path = Assets.xcassets; sourceTree = "<group>"; };
		C073BD4D2BCBE5FC00130BAD /* Preview Assets.xcassets */ = {isa = PBXFileReference; lastKnownFileType = folder.assetcatalog; path = "Preview Assets.xcassets"; sourceTree = "<group>"; };
		C073BD532BCBE5FC00130BAD /* GentiTests.xctest */ = {isa = PBXFileReference; explicitFileType = wrapper.cfbundle; includeInIndex = 0; path = GentiTests.xctest; sourceTree = BUILT_PRODUCTS_DIR; };
		C073BD572BCBE5FC00130BAD /* GentiTests.swift */ = {isa = PBXFileReference; lastKnownFileType = sourcecode.swift; path = GentiTests.swift; sourceTree = "<group>"; };
		C073BD5D2BCBE5FC00130BAD /* GentiUITests.xctest */ = {isa = PBXFileReference; explicitFileType = wrapper.cfbundle; includeInIndex = 0; path = GentiUITests.xctest; sourceTree = BUILT_PRODUCTS_DIR; };
		C073BD612BCBE5FC00130BAD /* GentiUITests.swift */ = {isa = PBXFileReference; lastKnownFileType = sourcecode.swift; path = GentiUITests.swift; sourceTree = "<group>"; };
		C073BD632BCBE5FC00130BAD /* GentiUITestsLaunchTests.swift */ = {isa = PBXFileReference; lastKnownFileType = sourcecode.swift; path = GentiUITestsLaunchTests.swift; sourceTree = "<group>"; };
/* End PBXFileReference section */

/* Begin PBXFrameworksBuildPhase section */
		C073BD402BCBE5FA00130BAD /* Frameworks */ = {
			isa = PBXFrameworksBuildPhase;
			buildActionMask = 2147483647;
			files = (
			);
			runOnlyForDeploymentPostprocessing = 0;
		};
		C073BD502BCBE5FC00130BAD /* Frameworks */ = {
			isa = PBXFrameworksBuildPhase;
			buildActionMask = 2147483647;
			files = (
			);
			runOnlyForDeploymentPostprocessing = 0;
		};
		C073BD5A2BCBE5FC00130BAD /* Frameworks */ = {
			isa = PBXFrameworksBuildPhase;
			buildActionMask = 2147483647;
			files = (
			);
			runOnlyForDeploymentPostprocessing = 0;
		};
/* End PBXFrameworksBuildPhase section */

/* Begin PBXGroup section */
		C073BD3A2BCBE5FA00130BAD = {
			isa = PBXGroup;
			children = (
				C073BD452BCBE5FA00130BAD /* Genti */,
				C073BD562BCBE5FC00130BAD /* GentiTests */,
				C073BD602BCBE5FC00130BAD /* GentiUITests */,
				C073BD442BCBE5FA00130BAD /* Products */,
			);
			sourceTree = "<group>";
		};
		C073BD442BCBE5FA00130BAD /* Products */ = {
			isa = PBXGroup;
			children = (
				C073BD432BCBE5FA00130BAD /* Genti.app */,
				C073BD532BCBE5FC00130BAD /* GentiTests.xctest */,
				C073BD5D2BCBE5FC00130BAD /* GentiUITests.xctest */,
			);
			name = Products;
			sourceTree = "<group>";
		};
		C073BD452BCBE5FA00130BAD /* Genti */ = {
			isa = PBXGroup;
			children = (
				C073BD462BCBE5FA00130BAD /* GentiApp.swift */,
				C073BD482BCBE5FA00130BAD /* ContentView.swift */,
				C073BD4A2BCBE5FC00130BAD /* Assets.xcassets */,
				C073BD4C2BCBE5FC00130BAD /* Preview Content */,
			);
			path = Genti;
			sourceTree = "<group>";
		};
		C073BD4C2BCBE5FC00130BAD /* Preview Content */ = {
			isa = PBXGroup;
			children = (
				C073BD4D2BCBE5FC00130BAD /* Preview Assets.xcassets */,
			);
			path = "Preview Content";
			sourceTree = "<group>";
		};
		C073BD562BCBE5FC00130BAD /* GentiTests */ = {
			isa = PBXGroup;
			children = (
				C073BD572BCBE5FC00130BAD /* GentiTests.swift */,
			);
			path = GentiTests;
			sourceTree = "<group>";
		};
		C073BD602BCBE5FC00130BAD /* GentiUITests */ = {
			isa = PBXGroup;
			children = (
				C073BD612BCBE5FC00130BAD /* GentiUITests.swift */,
				C073BD632BCBE5FC00130BAD /* GentiUITestsLaunchTests.swift */,
			);
			path = GentiUITests;
			sourceTree = "<group>";
		};
/* End PBXGroup section */

/* Begin PBXNativeTarget section */
		C073BD422BCBE5FA00130BAD /* Genti */ = {
			isa = PBXNativeTarget;
			buildConfigurationList = C073BD672BCBE5FC00130BAD /* Build configuration list for PBXNativeTarget "Genti" */;
			buildPhases = (
				C073BD3F2BCBE5FA00130BAD /* Sources */,
				C073BD402BCBE5FA00130BAD /* Frameworks */,
				C073BD412BCBE5FA00130BAD /* Resources */,
			);
			buildRules = (
			);
			dependencies = (
			);
			name = Genti;
			productName = Genti;
			productReference = C073BD432BCBE5FA00130BAD /* Genti.app */;
			productType = "com.apple.product-type.application";
		};
		C073BD522BCBE5FC00130BAD /* GentiTests */ = {
			isa = PBXNativeTarget;
			buildConfigurationList = C073BD6A2BCBE5FC00130BAD /* Build configuration list for PBXNativeTarget "GentiTests" */;
			buildPhases = (
				C073BD4F2BCBE5FC00130BAD /* Sources */,
				C073BD502BCBE5FC00130BAD /* Frameworks */,
				C073BD512BCBE5FC00130BAD /* Resources */,
			);
			buildRules = (
			);
			dependencies = (
				C073BD552BCBE5FC00130BAD /* PBXTargetDependency */,
			);
			name = GentiTests;
			productName = GentiTests;
			productReference = C073BD532BCBE5FC00130BAD /* GentiTests.xctest */;
			productType = "com.apple.product-type.bundle.unit-test";
		};
		C073BD5C2BCBE5FC00130BAD /* GentiUITests */ = {
			isa = PBXNativeTarget;
			buildConfigurationList = C073BD6D2BCBE5FC00130BAD /* Build configuration list for PBXNativeTarget "GentiUITests" */;
			buildPhases = (
				C073BD592BCBE5FC00130BAD /* Sources */,
				C073BD5A2BCBE5FC00130BAD /* Frameworks */,
				C073BD5B2BCBE5FC00130BAD /* Resources */,
			);
			buildRules = (
			);
			dependencies = (
				C073BD5F2BCBE5FC00130BAD /* PBXTargetDependency */,
			);
			name = GentiUITests;
			productName = GentiUITests;
			productReference = C073BD5D2BCBE5FC00130BAD /* GentiUITests.xctest */;
			productType = "com.apple.product-type.bundle.ui-testing";
		};
/* End PBXNativeTarget section */

/* Begin PBXProject section */
		C073BD3B2BCBE5FA00130BAD /* Project object */ = {
			isa = PBXProject;
			attributes = {
				BuildIndependentTargetsInParallel = 1;
				LastSwiftUpdateCheck = 1530;
				LastUpgradeCheck = 1530;
				TargetAttributes = {
					C073BD422BCBE5FA00130BAD = {
						CreatedOnToolsVersion = 15.3;
					};
					C073BD522BCBE5FC00130BAD = {
						CreatedOnToolsVersion = 15.3;
						TestTargetID = C073BD422BCBE5FA00130BAD;
					};
					C073BD5C2BCBE5FC00130BAD = {
						CreatedOnToolsVersion = 15.3;
						TestTargetID = C073BD422BCBE5FA00130BAD;
					};
				};
			};
			buildConfigurationList = C073BD3E2BCBE5FA00130BAD /* Build configuration list for PBXProject "Genti" */;
			compatibilityVersion = "Xcode 14.0";
			developmentRegion = en;
			hasScannedForEncodings = 0;
			knownRegions = (
				en,
				Base,
			);
			mainGroup = C073BD3A2BCBE5FA00130BAD;
			productRefGroup = C073BD442BCBE5FA00130BAD /* Products */;
			projectDirPath = "";
			projectRoot = "";
			targets = (
				C073BD422BCBE5FA00130BAD /* Genti */,
				C073BD522BCBE5FC00130BAD /* GentiTests */,
				C073BD5C2BCBE5FC00130BAD /* GentiUITests */,
			);
		};
/* End PBXProject section */

/* Begin PBXResourcesBuildPhase section */
		C073BD412BCBE5FA00130BAD /* Resources */ = {
			isa = PBXResourcesBuildPhase;
			buildActionMask = 2147483647;
			files = (
				C073BD4E2BCBE5FC00130BAD /* Preview Assets.xcassets in Resources */,
				C073BD4B2BCBE5FC00130BAD /* Assets.xcassets in Resources */,
			);
			runOnlyForDeploymentPostprocessing = 0;
		};
		C073BD512BCBE5FC00130BAD /* Resources */ = {
			isa = PBXResourcesBuildPhase;
			buildActionMask = 2147483647;
			files = (
			);
			runOnlyForDeploymentPostprocessing = 0;
		};
		C073BD5B2BCBE5FC00130BAD /* Resources */ = {
			isa = PBXResourcesBuildPhase;
			buildActionMask = 2147483647;
			files = (
			);
			runOnlyForDeploymentPostprocessing = 0;
		};
/* End PBXResourcesBuildPhase section */

/* Begin PBXSourcesBuildPhase section */
		C073BD3F2BCBE5FA00130BAD /* Sources */ = {
			isa = PBXSourcesBuildPhase;
			buildActionMask = 2147483647;
			files = (
				C073BD492BCBE5FA00130BAD /* ContentView.swift in Sources */,
				C073BD472BCBE5FA00130BAD /* GentiApp.swift in Sources */,
			);
			runOnlyForDeploymentPostprocessing = 0;
		};
		C073BD4F2BCBE5FC00130BAD /* Sources */ = {
			isa = PBXSourcesBuildPhase;
			buildActionMask = 2147483647;
			files = (
				C073BD582BCBE5FC00130BAD /* GentiTests.swift in Sources */,
			);
			runOnlyForDeploymentPostprocessing = 0;
		};
		C073BD592BCBE5FC00130BAD /* Sources */ = {
			isa = PBXSourcesBuildPhase;
			buildActionMask = 2147483647;
			files = (
				C073BD642BCBE5FC00130BAD /* GentiUITestsLaunchTests.swift in Sources */,
				C073BD622BCBE5FC00130BAD /* GentiUITests.swift in Sources */,
			);
			runOnlyForDeploymentPostprocessing = 0;
		};
/* End PBXSourcesBuildPhase section */

/* Begin PBXTargetDependency section */
		C073BD552BCBE5FC00130BAD /* PBXTargetDependency */ = {
			isa = PBXTargetDependency;
			target = C073BD422BCBE5FA00130BAD /* Genti */;
			targetProxy = C073BD542BCBE5FC00130BAD /* PBXContainerItemProxy */;
		};
		C073BD5F2BCBE5FC00130BAD /* PBXTargetDependency */ = {
			isa = PBXTargetDependency;
			target = C073BD422BCBE5FA00130BAD /* Genti */;
			targetProxy = C073BD5E2BCBE5FC00130BAD /* PBXContainerItemProxy */;
		};
/* End PBXTargetDependency section */

/* Begin XCBuildConfiguration section */
		C073BD652BCBE5FC00130BAD /* Debug */ = {
			isa = XCBuildConfiguration;
			buildSettings = {
				ALWAYS_SEARCH_USER_PATHS = NO;
				ASSETCATALOG_COMPILER_GENERATE_SWIFT_ASSET_SYMBOL_EXTENSIONS = YES;
				CLANG_ANALYZER_NONNULL = YES;
				CLANG_ANALYZER_NUMBER_OBJECT_CONVERSION = YES_AGGRESSIVE;
				CLANG_CXX_LANGUAGE_STANDARD = "gnu++20";
				CLANG_ENABLE_MODULES = YES;
				CLANG_ENABLE_OBJC_ARC = YES;
				CLANG_ENABLE_OBJC_WEAK = YES;
				CLANG_WARN_BLOCK_CAPTURE_AUTORELEASING = YES;
				CLANG_WARN_BOOL_CONVERSION = YES;
				CLANG_WARN_COMMA = YES;
				CLANG_WARN_CONSTANT_CONVERSION = YES;
				CLANG_WARN_DEPRECATED_OBJC_IMPLEMENTATIONS = YES;
				CLANG_WARN_DIRECT_OBJC_ISA_USAGE = YES_ERROR;
				CLANG_WARN_DOCUMENTATION_COMMENTS = YES;
				CLANG_WARN_EMPTY_BODY = YES;
				CLANG_WARN_ENUM_CONVERSION = YES;
				CLANG_WARN_INFINITE_RECURSION = YES;
				CLANG_WARN_INT_CONVERSION = YES;
				CLANG_WARN_NON_LITERAL_NULL_CONVERSION = YES;
				CLANG_WARN_OBJC_IMPLICIT_RETAIN_SELF = YES;
				CLANG_WARN_OBJC_LITERAL_CONVERSION = YES;
				CLANG_WARN_OBJC_ROOT_CLASS = YES_ERROR;
				CLANG_WARN_QUOTED_INCLUDE_IN_FRAMEWORK_HEADER = YES;
				CLANG_WARN_RANGE_LOOP_ANALYSIS = YES;
				CLANG_WARN_STRICT_PROTOTYPES = YES;
				CLANG_WARN_SUSPICIOUS_MOVE = YES;
				CLANG_WARN_UNGUARDED_AVAILABILITY = YES_AGGRESSIVE;
				CLANG_WARN_UNREACHABLE_CODE = YES;
				CLANG_WARN__DUPLICATE_METHOD_MATCH = YES;
				COPY_PHASE_STRIP = NO;
				DEBUG_INFORMATION_FORMAT = dwarf;
				ENABLE_STRICT_OBJC_MSGSEND = YES;
				ENABLE_TESTABILITY = YES;
				ENABLE_USER_SCRIPT_SANDBOXING = YES;
				GCC_C_LANGUAGE_STANDARD = gnu17;
				GCC_DYNAMIC_NO_PIC = NO;
				GCC_NO_COMMON_BLOCKS = YES;
				GCC_OPTIMIZATION_LEVEL = 0;
				GCC_PREPROCESSOR_DEFINITIONS = (
					"DEBUG=1",
					"$(inherited)",
				);
				GCC_WARN_64_TO_32_BIT_CONVERSION = YES;
				GCC_WARN_ABOUT_RETURN_TYPE = YES_ERROR;
				GCC_WARN_UNDECLARED_SELECTOR = YES;
				GCC_WARN_UNINITIALIZED_AUTOS = YES_AGGRESSIVE;
				GCC_WARN_UNUSED_FUNCTION = YES;
				GCC_WARN_UNUSED_VARIABLE = YES;
				IPHONEOS_DEPLOYMENT_TARGET = 17.4;
				LOCALIZATION_PREFERS_STRING_CATALOGS = YES;
				MTL_ENABLE_DEBUG_INFO = INCLUDE_SOURCE;
				MTL_FAST_MATH = YES;
				ONLY_ACTIVE_ARCH = YES;
				SDKROOT = iphoneos;
				SWIFT_ACTIVE_COMPILATION_CONDITIONS = "DEBUG $(inherited)";
				SWIFT_OPTIMIZATION_LEVEL = "-Onone";
			};
			name = Debug;
		};
		C073BD662BCBE5FC00130BAD /* Release */ = {
			isa = XCBuildConfiguration;
			buildSettings = {
				ALWAYS_SEARCH_USER_PATHS = NO;
				ASSETCATALOG_COMPILER_GENERATE_SWIFT_ASSET_SYMBOL_EXTENSIONS = YES;
				CLANG_ANALYZER_NONNULL = YES;
				CLANG_ANALYZER_NUMBER_OBJECT_CONVERSION = YES_AGGRESSIVE;
				CLANG_CXX_LANGUAGE_STANDARD = "gnu++20";
				CLANG_ENABLE_MODULES = YES;
				CLANG_ENABLE_OBJC_ARC = YES;
				CLANG_ENABLE_OBJC_WEAK = YES;
				CLANG_WARN_BLOCK_CAPTURE_AUTORELEASING = YES;
				CLANG_WARN_BOOL_CONVERSION = YES;
				CLANG_WARN_COMMA = YES;
				CLANG_WARN_CONSTANT_CONVERSION = YES;
				CLANG_WARN_DEPRECATED_OBJC_IMPLEMENTATIONS = YES;
				CLANG_WARN_DIRECT_OBJC_ISA_USAGE = YES_ERROR;
				CLANG_WARN_DOCUMENTATION_COMMENTS = YES;
				CLANG_WARN_EMPTY_BODY = YES;
				CLANG_WARN_ENUM_CONVERSION = YES;
				CLANG_WARN_INFINITE_RECURSION = YES;
				CLANG_WARN_INT_CONVERSION = YES;
				CLANG_WARN_NON_LITERAL_NULL_CONVERSION = YES;
				CLANG_WARN_OBJC_IMPLICIT_RETAIN_SELF = YES;
				CLANG_WARN_OBJC_LITERAL_CONVERSION = YES;
				CLANG_WARN_OBJC_ROOT_CLASS = YES_ERROR;
				CLANG_WARN_QUOTED_INCLUDE_IN_FRAMEWORK_HEADER = YES;
				CLANG_WARN_RANGE_LOOP_ANALYSIS = YES;
				CLANG_WARN_STRICT_PROTOTYPES = YES;
				CLANG_WARN_SUSPICIOUS_MOVE = YES;
				CLANG_WARN_UNGUARDED_AVAILABILITY = YES_AGGRESSIVE;
				CLANG_WARN_UNREACHABLE_CODE = YES;
				CLANG_WARN__DUPLICATE_METHOD_MATCH = YES;
				COPY_PHASE_STRIP = NO;
				DEBUG_INFORMATION_FORMAT = "dwarf-with-dsym";
				ENABLE_NS_ASSERTIONS = NO;
				ENABLE_STRICT_OBJC_MSGSEND = YES;
				ENABLE_USER_SCRIPT_SANDBOXING = YES;
				GCC_C_LANGUAGE_STANDARD = gnu17;
				GCC_NO_COMMON_BLOCKS = YES;
				GCC_WARN_64_TO_32_BIT_CONVERSION = YES;
				GCC_WARN_ABOUT_RETURN_TYPE = YES_ERROR;
				GCC_WARN_UNDECLARED_SELECTOR = YES;
				GCC_WARN_UNINITIALIZED_AUTOS = YES_AGGRESSIVE;
				GCC_WARN_UNUSED_FUNCTION = YES;
				GCC_WARN_UNUSED_VARIABLE = YES;
				IPHONEOS_DEPLOYMENT_TARGET = 17.4;
				LOCALIZATION_PREFERS_STRING_CATALOGS = YES;
				MTL_ENABLE_DEBUG_INFO = NO;
				MTL_FAST_MATH = YES;
				SDKROOT = iphoneos;
				SWIFT_COMPILATION_MODE = wholemodule;
				VALIDATE_PRODUCT = YES;
			};
			name = Release;
		};
		C073BD682BCBE5FC00130BAD /* Debug */ = {
			isa = XCBuildConfiguration;
			buildSettings = {
				ASSETCATALOG_COMPILER_APPICON_NAME = AppIcon;
				ASSETCATALOG_COMPILER_GLOBAL_ACCENT_COLOR_NAME = AccentColor;
				CODE_SIGN_STYLE = Automatic;
				CURRENT_PROJECT_VERSION = 1;
				DEVELOPMENT_ASSET_PATHS = "\"Genti/Preview Content\"";
				DEVELOPMENT_TEAM = Z225784MRD;
				ENABLE_PREVIEWS = YES;
				GENERATE_INFOPLIST_FILE = YES;
				INFOPLIST_KEY_UIApplicationSceneManifest_Generation = YES;
				INFOPLIST_KEY_UIApplicationSupportsIndirectInputEvents = YES;
				INFOPLIST_KEY_UILaunchScreen_Generation = YES;
				INFOPLIST_KEY_UISupportedInterfaceOrientations_iPad = "UIInterfaceOrientationPortrait UIInterfaceOrientationPortraitUpsideDown UIInterfaceOrientationLandscapeLeft UIInterfaceOrientationLandscapeRight";
				INFOPLIST_KEY_UISupportedInterfaceOrientations_iPhone = "UIInterfaceOrientationPortrait UIInterfaceOrientationLandscapeLeft UIInterfaceOrientationLandscapeRight";
				LD_RUNPATH_SEARCH_PATHS = (
					"$(inherited)",
					"@executable_path/Frameworks",
				);
				MARKETING_VERSION = 1.0;
				PRODUCT_BUNDLE_IDENTIFIER = com.kimscastle.Genti;
				PRODUCT_NAME = "$(TARGET_NAME)";
				SWIFT_EMIT_LOC_STRINGS = YES;
				SWIFT_VERSION = 5.0;
				TARGETED_DEVICE_FAMILY = "1,2";
			};
			name = Debug;
		};
		C073BD692BCBE5FC00130BAD /* Release */ = {
			isa = XCBuildConfiguration;
			buildSettings = {
				ASSETCATALOG_COMPILER_APPICON_NAME = AppIcon;
				ASSETCATALOG_COMPILER_GLOBAL_ACCENT_COLOR_NAME = AccentColor;
				CODE_SIGN_STYLE = Automatic;
				CURRENT_PROJECT_VERSION = 1;
				DEVELOPMENT_ASSET_PATHS = "\"Genti/Preview Content\"";
				DEVELOPMENT_TEAM = Z225784MRD;
				ENABLE_PREVIEWS = YES;
				GENERATE_INFOPLIST_FILE = YES;
				INFOPLIST_KEY_UIApplicationSceneManifest_Generation = YES;
				INFOPLIST_KEY_UIApplicationSupportsIndirectInputEvents = YES;
				INFOPLIST_KEY_UILaunchScreen_Generation = YES;
				INFOPLIST_KEY_UISupportedInterfaceOrientations_iPad = "UIInterfaceOrientationPortrait UIInterfaceOrientationPortraitUpsideDown UIInterfaceOrientationLandscapeLeft UIInterfaceOrientationLandscapeRight";
				INFOPLIST_KEY_UISupportedInterfaceOrientations_iPhone = "UIInterfaceOrientationPortrait UIInterfaceOrientationLandscapeLeft UIInterfaceOrientationLandscapeRight";
				LD_RUNPATH_SEARCH_PATHS = (
					"$(inherited)",
					"@executable_path/Frameworks",
				);
				MARKETING_VERSION = 1.0;
				PRODUCT_BUNDLE_IDENTIFIER = com.kimscastle.Genti;
				PRODUCT_NAME = "$(TARGET_NAME)";
				SWIFT_EMIT_LOC_STRINGS = YES;
				SWIFT_VERSION = 5.0;
				TARGETED_DEVICE_FAMILY = "1,2";
			};
			name = Release;
		};
		C073BD6B2BCBE5FC00130BAD /* Debug */ = {
			isa = XCBuildConfiguration;
			buildSettings = {
				ALWAYS_EMBED_SWIFT_STANDARD_LIBRARIES = YES;
				BUNDLE_LOADER = "$(TEST_HOST)";
				CODE_SIGN_STYLE = Automatic;
				CURRENT_PROJECT_VERSION = 1;
				DEVELOPMENT_TEAM = Z225784MRD;
				GENERATE_INFOPLIST_FILE = YES;
				IPHONEOS_DEPLOYMENT_TARGET = 17.4;
				MARKETING_VERSION = 1.0;
				PRODUCT_BUNDLE_IDENTIFIER = com.kimscastle.GentiTests;
				PRODUCT_NAME = "$(TARGET_NAME)";
				SWIFT_EMIT_LOC_STRINGS = NO;
				SWIFT_VERSION = 5.0;
				TARGETED_DEVICE_FAMILY = "1,2";
				TEST_HOST = "$(BUILT_PRODUCTS_DIR)/Genti.app/$(BUNDLE_EXECUTABLE_FOLDER_PATH)/Genti";
			};
			name = Debug;
		};
		C073BD6C2BCBE5FC00130BAD /* Release */ = {
			isa = XCBuildConfiguration;
			buildSettings = {
				ALWAYS_EMBED_SWIFT_STANDARD_LIBRARIES = YES;
				BUNDLE_LOADER = "$(TEST_HOST)";
				CODE_SIGN_STYLE = Automatic;
				CURRENT_PROJECT_VERSION = 1;
				DEVELOPMENT_TEAM = Z225784MRD;
				GENERATE_INFOPLIST_FILE = YES;
				IPHONEOS_DEPLOYMENT_TARGET = 17.4;
				MARKETING_VERSION = 1.0;
				PRODUCT_BUNDLE_IDENTIFIER = com.kimscastle.GentiTests;
				PRODUCT_NAME = "$(TARGET_NAME)";
				SWIFT_EMIT_LOC_STRINGS = NO;
				SWIFT_VERSION = 5.0;
				TARGETED_DEVICE_FAMILY = "1,2";
				TEST_HOST = "$(BUILT_PRODUCTS_DIR)/Genti.app/$(BUNDLE_EXECUTABLE_FOLDER_PATH)/Genti";
			};
			name = Release;
		};
		C073BD6E2BCBE5FC00130BAD /* Debug */ = {
			isa = XCBuildConfiguration;
			buildSettings = {
				ALWAYS_EMBED_SWIFT_STANDARD_LIBRARIES = YES;
				CODE_SIGN_STYLE = Automatic;
				CURRENT_PROJECT_VERSION = 1;
				DEVELOPMENT_TEAM = Z225784MRD;
				GENERATE_INFOPLIST_FILE = YES;
				MARKETING_VERSION = 1.0;
				PRODUCT_BUNDLE_IDENTIFIER = com.kimscastle.GentiUITests;
				PRODUCT_NAME = "$(TARGET_NAME)";
				SWIFT_EMIT_LOC_STRINGS = NO;
				SWIFT_VERSION = 5.0;
				TARGETED_DEVICE_FAMILY = "1,2";
				TEST_TARGET_NAME = Genti;
			};
			name = Debug;
		};
		C073BD6F2BCBE5FC00130BAD /* Release */ = {
			isa = XCBuildConfiguration;
			buildSettings = {
				ALWAYS_EMBED_SWIFT_STANDARD_LIBRARIES = YES;
				CODE_SIGN_STYLE = Automatic;
				CURRENT_PROJECT_VERSION = 1;
				DEVELOPMENT_TEAM = Z225784MRD;
				GENERATE_INFOPLIST_FILE = YES;
				MARKETING_VERSION = 1.0;
				PRODUCT_BUNDLE_IDENTIFIER = com.kimscastle.GentiUITests;
				PRODUCT_NAME = "$(TARGET_NAME)";
				SWIFT_EMIT_LOC_STRINGS = NO;
				SWIFT_VERSION = 5.0;
				TARGETED_DEVICE_FAMILY = "1,2";
				TEST_TARGET_NAME = Genti;
			};
			name = Release;
		};
/* End XCBuildConfiguration section */

/* Begin XCConfigurationList section */
		C073BD3E2BCBE5FA00130BAD /* Build configuration list for PBXProject "Genti" */ = {
			isa = XCConfigurationList;
			buildConfigurations = (
				C073BD652BCBE5FC00130BAD /* Debug */,
				C073BD662BCBE5FC00130BAD /* Release */,
			);
			defaultConfigurationIsVisible = 0;
			defaultConfigurationName = Release;
		};
		C073BD672BCBE5FC00130BAD /* Build configuration list for PBXNativeTarget "Genti" */ = {
			isa = XCConfigurationList;
			buildConfigurations = (
				C073BD682BCBE5FC00130BAD /* Debug */,
				C073BD692BCBE5FC00130BAD /* Release */,
			);
			defaultConfigurationIsVisible = 0;
			defaultConfigurationName = Release;
		};
		C073BD6A2BCBE5FC00130BAD /* Build configuration list for PBXNativeTarget "GentiTests" */ = {
			isa = XCConfigurationList;
			buildConfigurations = (
				C073BD6B2BCBE5FC00130BAD /* Debug */,
				C073BD6C2BCBE5FC00130BAD /* Release */,
			);
			defaultConfigurationIsVisible = 0;
			defaultConfigurationName = Release;
		};
		C073BD6D2BCBE5FC00130BAD /* Build configuration list for PBXNativeTarget "GentiUITests" */ = {
			isa = XCConfigurationList;
			buildConfigurations = (
				C073BD6E2BCBE5FC00130BAD /* Debug */,
				C073BD6F2BCBE5FC00130BAD /* Release */,
			);
			defaultConfigurationIsVisible = 0;
			defaultConfigurationName = Release;
		};
/* End XCConfigurationList section */
	};
	rootObject = C073BD3B2BCBE5FA00130BAD /* Project object */;
}
